
Microsoft Visual Studio Solution File, Format Version 12.00
# Visual Studio Version 16
VisualStudioVersion = 16.0.29613.14
MinimumVisualStudioVersion = 10.0.40219.1
Project("{FAE04EC0-301F-11D3-BF4B-00C04F79EFBC}") = "SantaPresentFactory", "SantaPresentFactory\SantaPresentFactory.csproj", "{BBB157C6-4BDF-4ABE-8643-4951E766F6D2}"
EndProject
Global
	GlobalSection(SolutionConfigurationPlatforms) = preSolution
		Debug|Any CPU = Debug|Any CPU
		Release|Any CPU = Release|Any CPU
	EndGlobalSection
	GlobalSection(ProjectConfigurationPlatforms) = postSolution
		{BBB157C6-4BDF-4ABE-8643-4951E766F6D2}.Debug|Any CPU.ActiveCfg = Debug|Any CPU
		{BBB157C6-4BDF-4ABE-8643-4951E766F6D2}.Debug|Any CPU.Build.0 = Debug|Any CPU
		{BBB157C6-4BDF-4ABE-8643-4951E766F6D2}.Release|Any CPU.ActiveCfg = Release|Any CPU
		{BBB157C6-4BDF-4ABE-8643-4951E766F6D2}.Release|Any CPU.Build.0 = Release|Any CPU
	EndGlobalSection
	GlobalSection(SolutionProperties) = preSolution
		HideSolutionNode = FALSE
	EndGlobalSection
	GlobalSection(ExtensibilityGlobals) = postSolution
		SolutionGuid = {59E5F63F-ECA6-4A28-A162-52E6A2648E97}
	EndGlobalSection
EndGlobal
