
Microsoft Visual Studio Solution File, Format Version 12.00
# Visual Studio Version 16
VisualStudioVersion = 16.0.29613.14
MinimumVisualStudioVersion = 10.0.40219.1
Project("{FAE04EC0-301F-11D3-BF4B-00C04F79EFBC}") = "AutomationPracticeRegistrationNegativeTests", "Homework\AutomationPracticeRegistrationNegativeTests.csproj", "{E5592BC3-C697-49C3-9EE7-FD8A8601B776}"
EndProject
Project("{FAE04EC0-301F-11D3-BF4B-00C04F79EFBC}") = "InteractionTests", "InteractionTests\InteractionTests.csproj", "{D1356F64-90AD-4D7B-8CAC-C33831FFA719}"
EndProject
Global
	GlobalSection(SolutionConfigurationPlatforms) = preSolution
		Debug|Any CPU = Debug|Any CPU
		Release|Any CPU = Release|Any CPU
	EndGlobalSection
	GlobalSection(ProjectConfigurationPlatforms) = postSolution
		{E5592BC3-C697-49C3-9EE7-FD8A8601B776}.Debug|Any CPU.ActiveCfg = Debug|Any CPU
		{E5592BC3-C697-49C3-9EE7-FD8A8601B776}.Debug|Any CPU.Build.0 = Debug|Any CPU
		{E5592BC3-C697-49C3-9EE7-FD8A8601B776}.Release|Any CPU.ActiveCfg = Release|Any CPU
		{E5592BC3-C697-49C3-9EE7-FD8A8601B776}.Release|Any CPU.Build.0 = Release|Any CPU
		{D1356F64-90AD-4D7B-8CAC-C33831FFA719}.Debug|Any CPU.ActiveCfg = Debug|Any CPU
		{D1356F64-90AD-4D7B-8CAC-C33831FFA719}.Debug|Any CPU.Build.0 = Debug|Any CPU
		{D1356F64-90AD-4D7B-8CAC-C33831FFA719}.Release|Any CPU.ActiveCfg = Release|Any CPU
		{D1356F64-90AD-4D7B-8CAC-C33831FFA719}.Release|Any CPU.Build.0 = Release|Any CPU
	EndGlobalSection
	GlobalSection(SolutionProperties) = preSolution
		HideSolutionNode = FALSE
	EndGlobalSection
	GlobalSection(ExtensibilityGlobals) = postSolution
		SolutionGuid = {2A9E6338-BE47-4F1A-B0D2-82FFA73F8D54}
	EndGlobalSection
EndGlobal
