
Microsoft Visual Studio Solution File, Format Version 12.00
# Visual Studio Version 16
VisualStudioVersion = 16.0.29613.14
MinimumVisualStudioVersion = 10.0.40219.1
Project("{FAE04EC0-301F-11D3-BF4B-00C04F79EFBC}") = "1DayOfWeek", "1DayOfWeek\1DayOfWeek.csproj", "{DDF58268-738C-4820-955C-157F6AA86713}"
EndProject
Global
	GlobalSection(SolutionConfigurationPlatforms) = preSolution
		Debug|Any CPU = Debug|Any CPU
		Release|Any CPU = Release|Any CPU
	EndGlobalSection
	GlobalSection(ProjectConfigurationPlatforms) = postSolution
		{DDF58268-738C-4820-955C-157F6AA86713}.Debug|Any CPU.ActiveCfg = Debug|Any CPU
		{DDF58268-738C-4820-955C-157F6AA86713}.Debug|Any CPU.Build.0 = Debug|Any CPU
		{DDF58268-738C-4820-955C-157F6AA86713}.Release|Any CPU.ActiveCfg = Release|Any CPU
		{DDF58268-738C-4820-955C-157F6AA86713}.Release|Any CPU.Build.0 = Release|Any CPU
	EndGlobalSection
	GlobalSection(SolutionProperties) = preSolution
		HideSolutionNode = FALSE
	EndGlobalSection
	GlobalSection(ExtensibilityGlobals) = postSolution
		SolutionGuid = {E67869F7-2483-4184-B495-E54E854F899E}
	EndGlobalSection
EndGlobal
