
Microsoft Visual Studio Solution File, Format Version 12.00
# Visual Studio Version 16
VisualStudioVersion = 16.0.29613.14
MinimumVisualStudioVersion = 10.0.40219.1
Project("{FAE04EC0-301F-11D3-BF4B-00C04F79EFBC}") = "05FashionBoutique", "05FashionBoutique\05FashionBoutique.csproj", "{B883CA50-4A43-40C4-8E63-5ADAB5282EB8}"
EndProject
Global
	GlobalSection(SolutionConfigurationPlatforms) = preSolution
		Debug|Any CPU = Debug|Any CPU
		Release|Any CPU = Release|Any CPU
	EndGlobalSection
	GlobalSection(ProjectConfigurationPlatforms) = postSolution
		{B883CA50-4A43-40C4-8E63-5ADAB5282EB8}.Debug|Any CPU.ActiveCfg = Debug|Any CPU
		{B883CA50-4A43-40C4-8E63-5ADAB5282EB8}.Debug|Any CPU.Build.0 = Debug|Any CPU
		{B883CA50-4A43-40C4-8E63-5ADAB5282EB8}.Release|Any CPU.ActiveCfg = Release|Any CPU
		{B883CA50-4A43-40C4-8E63-5ADAB5282EB8}.Release|Any CPU.Build.0 = Release|Any CPU
	EndGlobalSection
	GlobalSection(SolutionProperties) = preSolution
		HideSolutionNode = FALSE
	EndGlobalSection
	GlobalSection(ExtensibilityGlobals) = postSolution
		SolutionGuid = {DDD3D32C-2351-4C4D-A68A-A0A7E9F3A621}
	EndGlobalSection
EndGlobal
