
Microsoft Visual Studio Solution File, Format Version 12.00
# Visual Studio Version 16
VisualStudioVersion = 16.0.29613.14
MinimumVisualStudioVersion = 10.0.40219.1
Project("{FAE04EC0-301F-11D3-BF4B-00C04F79EFBC}") = "10LowerOrUpper", "10LowerOrUpper\10LowerOrUpper.csproj", "{A1D63670-318D-4DC7-93A5-2E18FD36398E}"
EndProject
Global
	GlobalSection(SolutionConfigurationPlatforms) = preSolution
		Debug|Any CPU = Debug|Any CPU
		Release|Any CPU = Release|Any CPU
	EndGlobalSection
	GlobalSection(ProjectConfigurationPlatforms) = postSolution
		{A1D63670-318D-4DC7-93A5-2E18FD36398E}.Debug|Any CPU.ActiveCfg = Debug|Any CPU
		{A1D63670-318D-4DC7-93A5-2E18FD36398E}.Debug|Any CPU.Build.0 = Debug|Any CPU
		{A1D63670-318D-4DC7-93A5-2E18FD36398E}.Release|Any CPU.ActiveCfg = Release|Any CPU
		{A1D63670-318D-4DC7-93A5-2E18FD36398E}.Release|Any CPU.Build.0 = Release|Any CPU
	EndGlobalSection
	GlobalSection(SolutionProperties) = preSolution
		HideSolutionNode = FALSE
	EndGlobalSection
	GlobalSection(ExtensibilityGlobals) = postSolution
		SolutionGuid = {6FD7E9F6-A64B-4221-8FE9-609370858378}
	EndGlobalSection
EndGlobal
