
Microsoft Visual Studio Solution File, Format Version 12.00
# Visual Studio Version 16
VisualStudioVersion = 16.0.29613.14
MinimumVisualStudioVersion = 10.0.40219.1
Project("{FAE04EC0-301F-11D3-BF4B-00C04F79EFBC}") = "05DigitsLettersOther", "05DigitsLettersOther\05DigitsLettersOther.csproj", "{3F2E0215-B865-4624-B19B-5A5B50C142A6}"
EndProject
Global
	GlobalSection(SolutionConfigurationPlatforms) = preSolution
		Debug|Any CPU = Debug|Any CPU
		Release|Any CPU = Release|Any CPU
	EndGlobalSection
	GlobalSection(ProjectConfigurationPlatforms) = postSolution
		{3F2E0215-B865-4624-B19B-5A5B50C142A6}.Debug|Any CPU.ActiveCfg = Debug|Any CPU
		{3F2E0215-B865-4624-B19B-5A5B50C142A6}.Debug|Any CPU.Build.0 = Debug|Any CPU
		{3F2E0215-B865-4624-B19B-5A5B50C142A6}.Release|Any CPU.ActiveCfg = Release|Any CPU
		{3F2E0215-B865-4624-B19B-5A5B50C142A6}.Release|Any CPU.Build.0 = Release|Any CPU
	EndGlobalSection
	GlobalSection(SolutionProperties) = preSolution
		HideSolutionNode = FALSE
	EndGlobalSection
	GlobalSection(ExtensibilityGlobals) = postSolution
		SolutionGuid = {DC8856E5-74EE-4BA0-BE80-4BD98FEB081E}
	EndGlobalSection
EndGlobal
