
Microsoft Visual Studio Solution File, Format Version 12.00
# Visual Studio Version 16
VisualStudioVersion = 16.0.29613.14
MinimumVisualStudioVersion = 10.0.40219.1
Project("{FAE04EC0-301F-11D3-BF4B-00C04F79EFBC}") = "04SumOfChars", "04SumOfChars\04SumOfChars.csproj", "{C700F003-C7B8-440A-932A-474A97B56B11}"
EndProject
Global
	GlobalSection(SolutionConfigurationPlatforms) = preSolution
		Debug|Any CPU = Debug|Any CPU
		Release|Any CPU = Release|Any CPU
	EndGlobalSection
	GlobalSection(ProjectConfigurationPlatforms) = postSolution
		{C700F003-C7B8-440A-932A-474A97B56B11}.Debug|Any CPU.ActiveCfg = Debug|Any CPU
		{C700F003-C7B8-440A-932A-474A97B56B11}.Debug|Any CPU.Build.0 = Debug|Any CPU
		{C700F003-C7B8-440A-932A-474A97B56B11}.Release|Any CPU.ActiveCfg = Release|Any CPU
		{C700F003-C7B8-440A-932A-474A97B56B11}.Release|Any CPU.Build.0 = Release|Any CPU
	EndGlobalSection
	GlobalSection(SolutionProperties) = preSolution
		HideSolutionNode = FALSE
	EndGlobalSection
	GlobalSection(ExtensibilityGlobals) = postSolution
		SolutionGuid = {6A9B63B0-1341-4DAE-9BE6-DCD17FA0E4D4}
	EndGlobalSection
EndGlobal
