
Microsoft Visual Studio Solution File, Format Version 12.00
# Visual Studio Version 16
VisualStudioVersion = 16.0.29613.14
MinimumVisualStudioVersion = 10.0.40219.1
Project("{FAE04EC0-301F-11D3-BF4B-00C04F79EFBC}") = "1SortEvenNumber", "1SortEvenNumber\1SortEvenNumber.csproj", "{04F41FE2-9656-4338-B599-A3FF91F5FB03}"
EndProject
Global
	GlobalSection(SolutionConfigurationPlatforms) = preSolution
		Debug|Any CPU = Debug|Any CPU
		Release|Any CPU = Release|Any CPU
	EndGlobalSection
	GlobalSection(ProjectConfigurationPlatforms) = postSolution
		{04F41FE2-9656-4338-B599-A3FF91F5FB03}.Debug|Any CPU.ActiveCfg = Debug|Any CPU
		{04F41FE2-9656-4338-B599-A3FF91F5FB03}.Debug|Any CPU.Build.0 = Debug|Any CPU
		{04F41FE2-9656-4338-B599-A3FF91F5FB03}.Release|Any CPU.ActiveCfg = Release|Any CPU
		{04F41FE2-9656-4338-B599-A3FF91F5FB03}.Release|Any CPU.Build.0 = Release|Any CPU
	EndGlobalSection
	GlobalSection(SolutionProperties) = preSolution
		HideSolutionNode = FALSE
	EndGlobalSection
	GlobalSection(ExtensibilityGlobals) = postSolution
		SolutionGuid = {3653150D-0989-481E-9D34-9AAD9FD9F03B}
	EndGlobalSection
EndGlobal
