
Microsoft Visual Studio Solution File, Format Version 12.00
# Visual Studio Version 16
VisualStudioVersion = 16.0.29613.14
MinimumVisualStudioVersion = 10.0.40219.1
Project("{FAE04EC0-301F-11D3-BF4B-00C04F79EFBC}") = "04MatchingBrackets", "04MatchingBrackets\04MatchingBrackets.csproj", "{EC7A5BBC-D465-4F11-981A-E1B9BC24E172}"
EndProject
Global
	GlobalSection(SolutionConfigurationPlatforms) = preSolution
		Debug|Any CPU = Debug|Any CPU
		Release|Any CPU = Release|Any CPU
	EndGlobalSection
	GlobalSection(ProjectConfigurationPlatforms) = postSolution
		{EC7A5BBC-D465-4F11-981A-E1B9BC24E172}.Debug|Any CPU.ActiveCfg = Debug|Any CPU
		{EC7A5BBC-D465-4F11-981A-E1B9BC24E172}.Debug|Any CPU.Build.0 = Debug|Any CPU
		{EC7A5BBC-D465-4F11-981A-E1B9BC24E172}.Release|Any CPU.ActiveCfg = Release|Any CPU
		{EC7A5BBC-D465-4F11-981A-E1B9BC24E172}.Release|Any CPU.Build.0 = Release|Any CPU
	EndGlobalSection
	GlobalSection(SolutionProperties) = preSolution
		HideSolutionNode = FALSE
	EndGlobalSection
	GlobalSection(ExtensibilityGlobals) = postSolution
		SolutionGuid = {7B46AEA5-4FE5-43BA-8BAE-DAAA398AD9FB}
	EndGlobalSection
EndGlobal
