
Microsoft Visual Studio Solution File, Format Version 12.00
# Visual Studio Version 16
VisualStudioVersion = 16.0.29613.14
MinimumVisualStudioVersion = 10.0.40219.1
Project("{FAE04EC0-301F-11D3-BF4B-00C04F79EFBC}") = "5SumEvenNumbers", "5SumEvenNumbers\5SumEvenNumbers.csproj", "{79A1FF26-42DE-4D93-87DF-98804C28F569}"
EndProject
Global
	GlobalSection(SolutionConfigurationPlatforms) = preSolution
		Debug|Any CPU = Debug|Any CPU
		Release|Any CPU = Release|Any CPU
	EndGlobalSection
	GlobalSection(ProjectConfigurationPlatforms) = postSolution
		{79A1FF26-42DE-4D93-87DF-98804C28F569}.Debug|Any CPU.ActiveCfg = Debug|Any CPU
		{79A1FF26-42DE-4D93-87DF-98804C28F569}.Debug|Any CPU.Build.0 = Debug|Any CPU
		{79A1FF26-42DE-4D93-87DF-98804C28F569}.Release|Any CPU.ActiveCfg = Release|Any CPU
		{79A1FF26-42DE-4D93-87DF-98804C28F569}.Release|Any CPU.Build.0 = Release|Any CPU
	EndGlobalSection
	GlobalSection(SolutionProperties) = preSolution
		HideSolutionNode = FALSE
	EndGlobalSection
	GlobalSection(ExtensibilityGlobals) = postSolution
		SolutionGuid = {87D08314-91BF-4987-8E09-545CCA417A21}
	EndGlobalSection
EndGlobal
