
Microsoft Visual Studio Solution File, Format Version 12.00
# Visual Studio Version 16
VisualStudioVersion = 16.0.29613.14
MinimumVisualStudioVersion = 10.0.40219.1
Project("{FAE04EC0-301F-11D3-BF4B-00C04F79EFBC}") = "2EnglishNameOfTheLastDigit", "2EnglishNameOfTheLastDigit\2EnglishNameOfTheLastDigit.csproj", "{46400074-EDF6-46A4-B13B-F3934E90863F}"
EndProject
Global
	GlobalSection(SolutionConfigurationPlatforms) = preSolution
		Debug|Any CPU = Debug|Any CPU
		Release|Any CPU = Release|Any CPU
	EndGlobalSection
	GlobalSection(ProjectConfigurationPlatforms) = postSolution
		{46400074-EDF6-46A4-B13B-F3934E90863F}.Debug|Any CPU.ActiveCfg = Debug|Any CPU
		{46400074-EDF6-46A4-B13B-F3934E90863F}.Debug|Any CPU.Build.0 = Debug|Any CPU
		{46400074-EDF6-46A4-B13B-F3934E90863F}.Release|Any CPU.ActiveCfg = Release|Any CPU
		{46400074-EDF6-46A4-B13B-F3934E90863F}.Release|Any CPU.Build.0 = Release|Any CPU
	EndGlobalSection
	GlobalSection(SolutionProperties) = preSolution
		HideSolutionNode = FALSE
	EndGlobalSection
	GlobalSection(ExtensibilityGlobals) = postSolution
		SolutionGuid = {35FF008F-3893-47FA-B6AA-F67704C97FC0}
	EndGlobalSection
EndGlobal
