
Microsoft Visual Studio Solution File, Format Version 12.00
# Visual Studio Version 16
VisualStudioVersion = 16.0.29920.165
MinimumVisualStudioVersion = 10.0.40219.1
Project("{FAE04EC0-301F-11D3-BF4B-00C04F79EFBC}") = "P01EmailValidator", "P01EmailValidator\P01EmailValidator.csproj", "{7388BC7C-5DD9-4FB3-A221-B90EBBDD1B3B}"
EndProject
Project("{FAE04EC0-301F-11D3-BF4B-00C04F79EFBC}") = "P02Registration", "P02Registration\P02Registration.csproj", "{364868DD-1ECD-416E-B436-B0B7F800EA8D}"
EndProject
Project("{FAE04EC0-301F-11D3-BF4B-00C04F79EFBC}") = "P03InboxManager", "P03InboxManager\P03InboxManager.csproj", "{49A014D2-BFB9-4611-9A26-69807D6C0CA3}"
EndProject
Global
	GlobalSection(SolutionConfigurationPlatforms) = preSolution
		Debug|Any CPU = Debug|Any CPU
		Release|Any CPU = Release|Any CPU
	EndGlobalSection
	GlobalSection(ProjectConfigurationPlatforms) = postSolution
		{7388BC7C-5DD9-4FB3-A221-B90EBBDD1B3B}.Debug|Any CPU.ActiveCfg = Debug|Any CPU
		{7388BC7C-5DD9-4FB3-A221-B90EBBDD1B3B}.Debug|Any CPU.Build.0 = Debug|Any CPU
		{7388BC7C-5DD9-4FB3-A221-B90EBBDD1B3B}.Release|Any CPU.ActiveCfg = Release|Any CPU
		{7388BC7C-5DD9-4FB3-A221-B90EBBDD1B3B}.Release|Any CPU.Build.0 = Release|Any CPU
		{364868DD-1ECD-416E-B436-B0B7F800EA8D}.Debug|Any CPU.ActiveCfg = Debug|Any CPU
		{364868DD-1ECD-416E-B436-B0B7F800EA8D}.Debug|Any CPU.Build.0 = Debug|Any CPU
		{364868DD-1ECD-416E-B436-B0B7F800EA8D}.Release|Any CPU.ActiveCfg = Release|Any CPU
		{364868DD-1ECD-416E-B436-B0B7F800EA8D}.Release|Any CPU.Build.0 = Release|Any CPU
		{49A014D2-BFB9-4611-9A26-69807D6C0CA3}.Debug|Any CPU.ActiveCfg = Debug|Any CPU
		{49A014D2-BFB9-4611-9A26-69807D6C0CA3}.Debug|Any CPU.Build.0 = Debug|Any CPU
		{49A014D2-BFB9-4611-9A26-69807D6C0CA3}.Release|Any CPU.ActiveCfg = Release|Any CPU
		{49A014D2-BFB9-4611-9A26-69807D6C0CA3}.Release|Any CPU.Build.0 = Release|Any CPU
	EndGlobalSection
	GlobalSection(SolutionProperties) = preSolution
		HideSolutionNode = FALSE
	EndGlobalSection
	GlobalSection(ExtensibilityGlobals) = postSolution
		SolutionGuid = {26E32799-C1E8-4101-8FB6-B3049D89DA5D}
	EndGlobalSection
EndGlobal
