
Microsoft Visual Studio Solution File, Format Version 12.00
# Visual Studio Version 16
VisualStudioVersion = 16.0.29613.14
MinimumVisualStudioVersion = 10.0.40219.1
Project("{FAE04EC0-301F-11D3-BF4B-00C04F79EFBC}") = "07TheatrePromotions", "07TheatrePromotions\07TheatrePromotions.csproj", "{5B5CCF90-95BE-48CE-88BD-38F7AFC7EF5D}"
EndProject
Global
	GlobalSection(SolutionConfigurationPlatforms) = preSolution
		Debug|Any CPU = Debug|Any CPU
		Release|Any CPU = Release|Any CPU
	EndGlobalSection
	GlobalSection(ProjectConfigurationPlatforms) = postSolution
		{5B5CCF90-95BE-48CE-88BD-38F7AFC7EF5D}.Debug|Any CPU.ActiveCfg = Debug|Any CPU
		{5B5CCF90-95BE-48CE-88BD-38F7AFC7EF5D}.Debug|Any CPU.Build.0 = Debug|Any CPU
		{5B5CCF90-95BE-48CE-88BD-38F7AFC7EF5D}.Release|Any CPU.ActiveCfg = Release|Any CPU
		{5B5CCF90-95BE-48CE-88BD-38F7AFC7EF5D}.Release|Any CPU.Build.0 = Release|Any CPU
	EndGlobalSection
	GlobalSection(SolutionProperties) = preSolution
		HideSolutionNode = FALSE
	EndGlobalSection
	GlobalSection(ExtensibilityGlobals) = postSolution
		SolutionGuid = {E3A9FDC0-D5E5-492D-B643-69E5D6D52B3D}
	EndGlobalSection
EndGlobal
