
Microsoft Visual Studio Solution File, Format Version 12.00
# Visual Studio Version 16
VisualStudioVersion = 16.0.29613.14
MinimumVisualStudioVersion = 10.0.40219.1
Project("{FAE04EC0-301F-11D3-BF4B-00C04F79EFBC}") = "09GreaterOfTwoValues", "09GreaterOfTwoValues\09GreaterOfTwoValues.csproj", "{2FFBC4B5-EB18-4F19-AEF3-52F445950BB6}"
EndProject
Global
	GlobalSection(SolutionConfigurationPlatforms) = preSolution
		Debug|Any CPU = Debug|Any CPU
		Release|Any CPU = Release|Any CPU
	EndGlobalSection
	GlobalSection(ProjectConfigurationPlatforms) = postSolution
		{2FFBC4B5-EB18-4F19-AEF3-52F445950BB6}.Debug|Any CPU.ActiveCfg = Debug|Any CPU
		{2FFBC4B5-EB18-4F19-AEF3-52F445950BB6}.Debug|Any CPU.Build.0 = Debug|Any CPU
		{2FFBC4B5-EB18-4F19-AEF3-52F445950BB6}.Release|Any CPU.ActiveCfg = Release|Any CPU
		{2FFBC4B5-EB18-4F19-AEF3-52F445950BB6}.Release|Any CPU.Build.0 = Release|Any CPU
	EndGlobalSection
	GlobalSection(SolutionProperties) = preSolution
		HideSolutionNode = FALSE
	EndGlobalSection
	GlobalSection(ExtensibilityGlobals) = postSolution
		SolutionGuid = {998441BE-1D58-40F6-AE82-BDF33A48F72F}
	EndGlobalSection
EndGlobal
