
Microsoft Visual Studio Solution File, Format Version 12.00
# Visual Studio Version 16
VisualStudioVersion = 16.0.29613.14
MinimumVisualStudioVersion = 10.0.40219.1
Project("{FAE04EC0-301F-11D3-BF4B-00C04F79EFBC}") = "02RandomizeWords", "02RandomizeWords\02RandomizeWords.csproj", "{C8E1F5E1-FC16-45C4-8300-2CA12CABF422}"
EndProject
Global
	GlobalSection(SolutionConfigurationPlatforms) = preSolution
		Debug|Any CPU = Debug|Any CPU
		Release|Any CPU = Release|Any CPU
	EndGlobalSection
	GlobalSection(ProjectConfigurationPlatforms) = postSolution
		{C8E1F5E1-FC16-45C4-8300-2CA12CABF422}.Debug|Any CPU.ActiveCfg = Debug|Any CPU
		{C8E1F5E1-FC16-45C4-8300-2CA12CABF422}.Debug|Any CPU.Build.0 = Debug|Any CPU
		{C8E1F5E1-FC16-45C4-8300-2CA12CABF422}.Release|Any CPU.ActiveCfg = Release|Any CPU
		{C8E1F5E1-FC16-45C4-8300-2CA12CABF422}.Release|Any CPU.Build.0 = Release|Any CPU
	EndGlobalSection
	GlobalSection(SolutionProperties) = preSolution
		HideSolutionNode = FALSE
	EndGlobalSection
	GlobalSection(ExtensibilityGlobals) = postSolution
		SolutionGuid = {01142DAF-130A-47CD-8CCA-CB36F59039F0}
	EndGlobalSection
EndGlobal
