
Microsoft Visual Studio Solution File, Format Version 12.00
# Visual Studio Version 16
VisualStudioVersion = 16.0.29613.14
MinimumVisualStudioVersion = 10.0.40219.1
Project("{FAE04EC0-301F-11D3-BF4B-00C04F79EFBC}") = "SeleniumBasics", "SeleniumBasics\SeleniumBasics.csproj", "{7B47BB8E-3477-4B63-8BBB-FF0006BA1F6E}"
EndProject
Project("{FAE04EC0-301F-11D3-BF4B-00C04F79EFBC}") = "Homework", "Homework\Homework.csproj", "{C6DC6261-F46C-4CC3-A568-679B7C28C3EE}"
EndProject
Global
	GlobalSection(SolutionConfigurationPlatforms) = preSolution
		Debug|Any CPU = Debug|Any CPU
		Release|Any CPU = Release|Any CPU
	EndGlobalSection
	GlobalSection(ProjectConfigurationPlatforms) = postSolution
		{7B47BB8E-3477-4B63-8BBB-FF0006BA1F6E}.Debug|Any CPU.ActiveCfg = Debug|Any CPU
		{7B47BB8E-3477-4B63-8BBB-FF0006BA1F6E}.Debug|Any CPU.Build.0 = Debug|Any CPU
		{7B47BB8E-3477-4B63-8BBB-FF0006BA1F6E}.Release|Any CPU.ActiveCfg = Release|Any CPU
		{7B47BB8E-3477-4B63-8BBB-FF0006BA1F6E}.Release|Any CPU.Build.0 = Release|Any CPU
		{C6DC6261-F46C-4CC3-A568-679B7C28C3EE}.Debug|Any CPU.ActiveCfg = Debug|Any CPU
		{C6DC6261-F46C-4CC3-A568-679B7C28C3EE}.Debug|Any CPU.Build.0 = Debug|Any CPU
		{C6DC6261-F46C-4CC3-A568-679B7C28C3EE}.Release|Any CPU.ActiveCfg = Release|Any CPU
		{C6DC6261-F46C-4CC3-A568-679B7C28C3EE}.Release|Any CPU.Build.0 = Release|Any CPU
	EndGlobalSection
	GlobalSection(SolutionProperties) = preSolution
		HideSolutionNode = FALSE
	EndGlobalSection
	GlobalSection(ExtensibilityGlobals) = postSolution
		SolutionGuid = {A93D5CD4-7C0A-406D-9C3C-5CF29FA4C336}
	EndGlobalSection
EndGlobal
