
Microsoft Visual Studio Solution File, Format Version 12.00
# Visual Studio Version 16
VisualStudioVersion = 16.0.29613.14
MinimumVisualStudioVersion = 10.0.40219.1
Project("{FAE04EC0-301F-11D3-BF4B-00C04F79EFBC}") = "1DateTypeFinder", "1DateTypeFinder\1DateTypeFinder.csproj", "{E4898126-C6F9-4B7B-8D51-0F919EC1AE79}"
EndProject
Global
	GlobalSection(SolutionConfigurationPlatforms) = preSolution
		Debug|Any CPU = Debug|Any CPU
		Release|Any CPU = Release|Any CPU
	EndGlobalSection
	GlobalSection(ProjectConfigurationPlatforms) = postSolution
		{E4898126-C6F9-4B7B-8D51-0F919EC1AE79}.Debug|Any CPU.ActiveCfg = Debug|Any CPU
		{E4898126-C6F9-4B7B-8D51-0F919EC1AE79}.Debug|Any CPU.Build.0 = Debug|Any CPU
		{E4898126-C6F9-4B7B-8D51-0F919EC1AE79}.Release|Any CPU.ActiveCfg = Release|Any CPU
		{E4898126-C6F9-4B7B-8D51-0F919EC1AE79}.Release|Any CPU.Build.0 = Release|Any CPU
	EndGlobalSection
	GlobalSection(SolutionProperties) = preSolution
		HideSolutionNode = FALSE
	EndGlobalSection
	GlobalSection(ExtensibilityGlobals) = postSolution
		SolutionGuid = {E810D58A-B993-4F5E-8F96-D5C67BBA6898}
	EndGlobalSection
EndGlobal
