
Microsoft Visual Studio Solution File, Format Version 12.00
# Visual Studio Version 16
VisualStudioVersion = 16.0.29613.14
MinimumVisualStudioVersion = 10.0.40219.1
Project("{FAE04EC0-301F-11D3-BF4B-00C04F79EFBC}") = "13DebugTheCodeHolidaysBetweenTwoDates", "13DebugTheCodeHolidaysBetweenTwoDates\13DebugTheCodeHolidaysBetweenTwoDates.csproj", "{6E227B7C-8FB7-427C-8A6C-FC07E7A5DD1F}"
EndProject
Global
	GlobalSection(SolutionConfigurationPlatforms) = preSolution
		Debug|Any CPU = Debug|Any CPU
		Release|Any CPU = Release|Any CPU
	EndGlobalSection
	GlobalSection(ProjectConfigurationPlatforms) = postSolution
		{6E227B7C-8FB7-427C-8A6C-FC07E7A5DD1F}.Debug|Any CPU.ActiveCfg = Debug|Any CPU
		{6E227B7C-8FB7-427C-8A6C-FC07E7A5DD1F}.Debug|Any CPU.Build.0 = Debug|Any CPU
		{6E227B7C-8FB7-427C-8A6C-FC07E7A5DD1F}.Release|Any CPU.ActiveCfg = Release|Any CPU
		{6E227B7C-8FB7-427C-8A6C-FC07E7A5DD1F}.Release|Any CPU.Build.0 = Release|Any CPU
	EndGlobalSection
	GlobalSection(SolutionProperties) = preSolution
		HideSolutionNode = FALSE
	EndGlobalSection
	GlobalSection(ExtensibilityGlobals) = postSolution
		SolutionGuid = {62195EF9-91CC-4BCF-AB5B-24377DD32E11}
	EndGlobalSection
EndGlobal
