
Microsoft Visual Studio Solution File, Format Version 12.00
# Visual Studio Version 16
VisualStudioVersion = 16.0.29613.14
MinimumVisualStudioVersion = 10.0.40219.1
Project("{FAE04EC0-301F-11D3-BF4B-00C04F79EFBC}") = "03Elevator", "03Elevator\03Elevator.csproj", "{3500BDE1-436D-4C3A-B059-852A88821FE2}"
EndProject
Global
	GlobalSection(SolutionConfigurationPlatforms) = preSolution
		Debug|Any CPU = Debug|Any CPU
		Release|Any CPU = Release|Any CPU
	EndGlobalSection
	GlobalSection(ProjectConfigurationPlatforms) = postSolution
		{3500BDE1-436D-4C3A-B059-852A88821FE2}.Debug|Any CPU.ActiveCfg = Debug|Any CPU
		{3500BDE1-436D-4C3A-B059-852A88821FE2}.Debug|Any CPU.Build.0 = Debug|Any CPU
		{3500BDE1-436D-4C3A-B059-852A88821FE2}.Release|Any CPU.ActiveCfg = Release|Any CPU
		{3500BDE1-436D-4C3A-B059-852A88821FE2}.Release|Any CPU.Build.0 = Release|Any CPU
	EndGlobalSection
	GlobalSection(SolutionProperties) = preSolution
		HideSolutionNode = FALSE
	EndGlobalSection
	GlobalSection(ExtensibilityGlobals) = postSolution
		SolutionGuid = {8DA2D6D9-404D-4B93-A22A-8C1388221995}
	EndGlobalSection
EndGlobal
