
Microsoft Visual Studio Solution File, Format Version 12.00
# Visual Studio Version 16
VisualStudioVersion = 16.0.29926.136
MinimumVisualStudioVersion = 10.0.40219.1
Project("{9A19103F-16F7-4668-BE54-9A1E7A4F7556}") = "P01.DefineAnInterfaceIPerson", "P01.DefineAnInterfaceIPerson\P01.DefineAnInterfaceIPerson.csproj", "{006B7856-A91B-47D2-8E0B-FD9F02227525}"
EndProject
Global
	GlobalSection(SolutionConfigurationPlatforms) = preSolution
		Debug|Any CPU = Debug|Any CPU
		Release|Any CPU = Release|Any CPU
	EndGlobalSection
	GlobalSection(ProjectConfigurationPlatforms) = postSolution
		{006B7856-A91B-47D2-8E0B-FD9F02227525}.Debug|Any CPU.ActiveCfg = Debug|Any CPU
		{006B7856-A91B-47D2-8E0B-FD9F02227525}.Debug|Any CPU.Build.0 = Debug|Any CPU
		{006B7856-A91B-47D2-8E0B-FD9F02227525}.Release|Any CPU.ActiveCfg = Release|Any CPU
		{006B7856-A91B-47D2-8E0B-FD9F02227525}.Release|Any CPU.Build.0 = Release|Any CPU
	EndGlobalSection
	GlobalSection(SolutionProperties) = preSolution
		HideSolutionNode = FALSE
	EndGlobalSection
	GlobalSection(ExtensibilityGlobals) = postSolution
		SolutionGuid = {B96193B0-7A47-45B1-9553-C208FDDF0044}
	EndGlobalSection
EndGlobal
