
Microsoft Visual Studio Solution File, Format Version 12.00
# Visual Studio Version 16
VisualStudioVersion = 16.0.29926.136
MinimumVisualStudioVersion = 10.0.40219.1
Project("{9A19103F-16F7-4668-BE54-9A1E7A4F7556}") = "P01.DefineAnInterfaceIPerson", "P01.DefineAnInterfaceIPerson\P01.DefineAnInterfaceIPerson.csproj", "{006B7856-A91B-47D2-8E0B-FD9F02227525}"
EndProject
Project("{FAE04EC0-301F-11D3-BF4B-00C04F79EFBC}") = "P03Telephony", "P03Telephony\P03Telephony.csproj", "{9710D793-DE2D-44E9-B86C-537658011A9B}"
EndProject
Project("{FAE04EC0-301F-11D3-BF4B-00C04F79EFBC}") = "P04.BorderControl", "P04.BorderControl\P04.BorderControl.csproj", "{C3D261E9-5184-4A42-B6C5-7983E2065E50}"
EndProject
Project("{FAE04EC0-301F-11D3-BF4B-00C04F79EFBC}") = "P05.BirthdayCelebrations", "P05.BirthdayCelebrations\P05.BirthdayCelebrations.csproj", "{0FAA7883-1D94-4201-AC11-B831C06C8AC8}"
EndProject
Global
	GlobalSection(SolutionConfigurationPlatforms) = preSolution
		Debug|Any CPU = Debug|Any CPU
		Release|Any CPU = Release|Any CPU
	EndGlobalSection
	GlobalSection(ProjectConfigurationPlatforms) = postSolution
		{006B7856-A91B-47D2-8E0B-FD9F02227525}.Debug|Any CPU.ActiveCfg = Debug|Any CPU
		{006B7856-A91B-47D2-8E0B-FD9F02227525}.Debug|Any CPU.Build.0 = Debug|Any CPU
		{006B7856-A91B-47D2-8E0B-FD9F02227525}.Release|Any CPU.ActiveCfg = Release|Any CPU
		{006B7856-A91B-47D2-8E0B-FD9F02227525}.Release|Any CPU.Build.0 = Release|Any CPU
		{9710D793-DE2D-44E9-B86C-537658011A9B}.Debug|Any CPU.ActiveCfg = Debug|Any CPU
		{9710D793-DE2D-44E9-B86C-537658011A9B}.Debug|Any CPU.Build.0 = Debug|Any CPU
		{9710D793-DE2D-44E9-B86C-537658011A9B}.Release|Any CPU.ActiveCfg = Release|Any CPU
		{9710D793-DE2D-44E9-B86C-537658011A9B}.Release|Any CPU.Build.0 = Release|Any CPU
		{C3D261E9-5184-4A42-B6C5-7983E2065E50}.Debug|Any CPU.ActiveCfg = Debug|Any CPU
		{C3D261E9-5184-4A42-B6C5-7983E2065E50}.Debug|Any CPU.Build.0 = Debug|Any CPU
		{C3D261E9-5184-4A42-B6C5-7983E2065E50}.Release|Any CPU.ActiveCfg = Release|Any CPU
		{C3D261E9-5184-4A42-B6C5-7983E2065E50}.Release|Any CPU.Build.0 = Release|Any CPU
		{0FAA7883-1D94-4201-AC11-B831C06C8AC8}.Debug|Any CPU.ActiveCfg = Debug|Any CPU
		{0FAA7883-1D94-4201-AC11-B831C06C8AC8}.Debug|Any CPU.Build.0 = Debug|Any CPU
		{0FAA7883-1D94-4201-AC11-B831C06C8AC8}.Release|Any CPU.ActiveCfg = Release|Any CPU
		{0FAA7883-1D94-4201-AC11-B831C06C8AC8}.Release|Any CPU.Build.0 = Release|Any CPU
	EndGlobalSection
	GlobalSection(SolutionProperties) = preSolution
		HideSolutionNode = FALSE
	EndGlobalSection
	GlobalSection(ExtensibilityGlobals) = postSolution
		SolutionGuid = {B96193B0-7A47-45B1-9553-C208FDDF0044}
	EndGlobalSection
EndGlobal
