
Microsoft Visual Studio Solution File, Format Version 12.00
# Visual Studio Version 16
VisualStudioVersion = 16.0.29613.14
MinimumVisualStudioVersion = 10.0.40219.1
Project("{FAE04EC0-301F-11D3-BF4B-00C04F79EFBC}") = "11RefactorVolumeOfPyramid", "11RefactorVolumeOfPyramid\11RefactorVolumeOfPyramid.csproj", "{3091A894-75B1-4BE4-A12F-FB286516EF3F}"
EndProject
Global
	GlobalSection(SolutionConfigurationPlatforms) = preSolution
		Debug|Any CPU = Debug|Any CPU
		Release|Any CPU = Release|Any CPU
	EndGlobalSection
	GlobalSection(ProjectConfigurationPlatforms) = postSolution
		{3091A894-75B1-4BE4-A12F-FB286516EF3F}.Debug|Any CPU.ActiveCfg = Debug|Any CPU
		{3091A894-75B1-4BE4-A12F-FB286516EF3F}.Debug|Any CPU.Build.0 = Debug|Any CPU
		{3091A894-75B1-4BE4-A12F-FB286516EF3F}.Release|Any CPU.ActiveCfg = Release|Any CPU
		{3091A894-75B1-4BE4-A12F-FB286516EF3F}.Release|Any CPU.Build.0 = Release|Any CPU
	EndGlobalSection
	GlobalSection(SolutionProperties) = preSolution
		HideSolutionNode = FALSE
	EndGlobalSection
	GlobalSection(ExtensibilityGlobals) = postSolution
		SolutionGuid = {90CF78F8-6B02-40DB-A8A6-C94EC791F93D}
	EndGlobalSection
EndGlobal
