
Microsoft Visual Studio Solution File, Format Version 12.00
# Visual Studio Version 16
VisualStudioVersion = 16.0.29613.14
MinimumVisualStudioVersion = 10.0.40219.1
Project("{FAE04EC0-301F-11D3-BF4B-00C04F79EFBC}") = "04 PrintAndSum", "04 PrintAndSum\04 PrintAndSum.csproj", "{7E570FCC-5D8F-452E-B472-C32A08831D50}"
EndProject
Global
	GlobalSection(SolutionConfigurationPlatforms) = preSolution
		Debug|Any CPU = Debug|Any CPU
		Release|Any CPU = Release|Any CPU
	EndGlobalSection
	GlobalSection(ProjectConfigurationPlatforms) = postSolution
		{7E570FCC-5D8F-452E-B472-C32A08831D50}.Debug|Any CPU.ActiveCfg = Debug|Any CPU
		{7E570FCC-5D8F-452E-B472-C32A08831D50}.Debug|Any CPU.Build.0 = Debug|Any CPU
		{7E570FCC-5D8F-452E-B472-C32A08831D50}.Release|Any CPU.ActiveCfg = Release|Any CPU
		{7E570FCC-5D8F-452E-B472-C32A08831D50}.Release|Any CPU.Build.0 = Release|Any CPU
	EndGlobalSection
	GlobalSection(SolutionProperties) = preSolution
		HideSolutionNode = FALSE
	EndGlobalSection
	GlobalSection(ExtensibilityGlobals) = postSolution
		SolutionGuid = {0B1199C5-27E4-4893-8268-7DA76C033C3B}
	EndGlobalSection
EndGlobal
