
Microsoft Visual Studio Solution File, Format Version 12.00
# Visual Studio Version 16
VisualStudioVersion = 16.0.29920.165
MinimumVisualStudioVersion = 10.0.40219.1
Project("{9A19103F-16F7-4668-BE54-9A1E7A4F7556}") = "P01ActionPrint", "P01ActionPrint\P01ActionPrint.csproj", "{D2DA5169-CC83-4E25-84EF-6400D03C0AC9}"
EndProject
Project("{FAE04EC0-301F-11D3-BF4B-00C04F79EFBC}") = "P02KnightOfHonor", "02KnightOfHonor\P02KnightOfHonor.csproj", "{FE4E7FD5-3573-4428-9767-C07AC12DA5D5}"
EndProject
Global
	GlobalSection(SolutionConfigurationPlatforms) = preSolution
		Debug|Any CPU = Debug|Any CPU
		Release|Any CPU = Release|Any CPU
	EndGlobalSection
	GlobalSection(ProjectConfigurationPlatforms) = postSolution
		{D2DA5169-CC83-4E25-84EF-6400D03C0AC9}.Debug|Any CPU.ActiveCfg = Debug|Any CPU
		{D2DA5169-CC83-4E25-84EF-6400D03C0AC9}.Debug|Any CPU.Build.0 = Debug|Any CPU
		{D2DA5169-CC83-4E25-84EF-6400D03C0AC9}.Release|Any CPU.ActiveCfg = Release|Any CPU
		{D2DA5169-CC83-4E25-84EF-6400D03C0AC9}.Release|Any CPU.Build.0 = Release|Any CPU
		{FE4E7FD5-3573-4428-9767-C07AC12DA5D5}.Debug|Any CPU.ActiveCfg = Debug|Any CPU
		{FE4E7FD5-3573-4428-9767-C07AC12DA5D5}.Debug|Any CPU.Build.0 = Debug|Any CPU
		{FE4E7FD5-3573-4428-9767-C07AC12DA5D5}.Release|Any CPU.ActiveCfg = Release|Any CPU
		{FE4E7FD5-3573-4428-9767-C07AC12DA5D5}.Release|Any CPU.Build.0 = Release|Any CPU
	EndGlobalSection
	GlobalSection(SolutionProperties) = preSolution
		HideSolutionNode = FALSE
	EndGlobalSection
	GlobalSection(ExtensibilityGlobals) = postSolution
		SolutionGuid = {59432119-99FE-40DE-906C-51592997815F}
	EndGlobalSection
EndGlobal
