
Microsoft Visual Studio Solution File, Format Version 12.00
# Visual Studio Version 16
VisualStudioVersion = 16.0.29613.14
MinimumVisualStudioVersion = 10.0.40219.1
Project("{FAE04EC0-301F-11D3-BF4B-00C04F79EFBC}") = "01CountRealNumbers", "01CountRealNumbers\01CountRealNumbers.csproj", "{C7C823B9-F125-40A1-BAC5-C762F8D7F55D}"
EndProject
Global
	GlobalSection(SolutionConfigurationPlatforms) = preSolution
		Debug|Any CPU = Debug|Any CPU
		Release|Any CPU = Release|Any CPU
	EndGlobalSection
	GlobalSection(ProjectConfigurationPlatforms) = postSolution
		{C7C823B9-F125-40A1-BAC5-C762F8D7F55D}.Debug|Any CPU.ActiveCfg = Debug|Any CPU
		{C7C823B9-F125-40A1-BAC5-C762F8D7F55D}.Debug|Any CPU.Build.0 = Debug|Any CPU
		{C7C823B9-F125-40A1-BAC5-C762F8D7F55D}.Release|Any CPU.ActiveCfg = Release|Any CPU
		{C7C823B9-F125-40A1-BAC5-C762F8D7F55D}.Release|Any CPU.Build.0 = Release|Any CPU
	EndGlobalSection
	GlobalSection(SolutionProperties) = preSolution
		HideSolutionNode = FALSE
	EndGlobalSection
	GlobalSection(ExtensibilityGlobals) = postSolution
		SolutionGuid = {847947B7-DDEF-4882-A329-1B636AC37037}
	EndGlobalSection
EndGlobal
