
Microsoft Visual Studio Solution File, Format Version 12.00
# Visual Studio Version 16
VisualStudioVersion = 16.0.29613.14
MinimumVisualStudioVersion = 10.0.40219.1
Project("{FAE04EC0-301F-11D3-BF4B-00C04F79EFBC}") = "10TopNumber", "10TopNumber\10TopNumber.csproj", "{FC27F553-E838-48BB-A409-DF650F25C04F}"
EndProject
Global
	GlobalSection(SolutionConfigurationPlatforms) = preSolution
		Debug|Any CPU = Debug|Any CPU
		Release|Any CPU = Release|Any CPU
	EndGlobalSection
	GlobalSection(ProjectConfigurationPlatforms) = postSolution
		{FC27F553-E838-48BB-A409-DF650F25C04F}.Debug|Any CPU.ActiveCfg = Debug|Any CPU
		{FC27F553-E838-48BB-A409-DF650F25C04F}.Debug|Any CPU.Build.0 = Debug|Any CPU
		{FC27F553-E838-48BB-A409-DF650F25C04F}.Release|Any CPU.ActiveCfg = Release|Any CPU
		{FC27F553-E838-48BB-A409-DF650F25C04F}.Release|Any CPU.Build.0 = Release|Any CPU
	EndGlobalSection
	GlobalSection(SolutionProperties) = preSolution
		HideSolutionNode = FALSE
	EndGlobalSection
	GlobalSection(ExtensibilityGlobals) = postSolution
		SolutionGuid = {F8E39993-FB9E-459A-9E08-1138668931DE}
	EndGlobalSection
EndGlobal
