
Microsoft Visual Studio Solution File, Format Version 12.00
# Visual Studio Version 16
VisualStudioVersion = 16.0.29926.136
MinimumVisualStudioVersion = 10.0.40219.1
Project("{9A19103F-16F7-4668-BE54-9A1E7A4F7556}") = "P01GenericBoxOfString", "P01GenericBoxOfString\P01GenericBoxOfString.csproj", "{E8C6D4D8-FCE0-430B-BCD4-B16CFF282594}"
EndProject
Project("{FAE04EC0-301F-11D3-BF4B-00C04F79EFBC}") = "Truple", "Truple\Truple.csproj", "{73A8D13C-7769-493E-8590-E6913E39C3F2}"
EndProject
Global
	GlobalSection(SolutionConfigurationPlatforms) = preSolution
		Debug|Any CPU = Debug|Any CPU
		Release|Any CPU = Release|Any CPU
	EndGlobalSection
	GlobalSection(ProjectConfigurationPlatforms) = postSolution
		{E8C6D4D8-FCE0-430B-BCD4-B16CFF282594}.Debug|Any CPU.ActiveCfg = Debug|Any CPU
		{E8C6D4D8-FCE0-430B-BCD4-B16CFF282594}.Debug|Any CPU.Build.0 = Debug|Any CPU
		{E8C6D4D8-FCE0-430B-BCD4-B16CFF282594}.Release|Any CPU.ActiveCfg = Release|Any CPU
		{E8C6D4D8-FCE0-430B-BCD4-B16CFF282594}.Release|Any CPU.Build.0 = Release|Any CPU
		{73A8D13C-7769-493E-8590-E6913E39C3F2}.Debug|Any CPU.ActiveCfg = Debug|Any CPU
		{73A8D13C-7769-493E-8590-E6913E39C3F2}.Debug|Any CPU.Build.0 = Debug|Any CPU
		{73A8D13C-7769-493E-8590-E6913E39C3F2}.Release|Any CPU.ActiveCfg = Release|Any CPU
		{73A8D13C-7769-493E-8590-E6913E39C3F2}.Release|Any CPU.Build.0 = Release|Any CPU
	EndGlobalSection
	GlobalSection(SolutionProperties) = preSolution
		HideSolutionNode = FALSE
	EndGlobalSection
	GlobalSection(ExtensibilityGlobals) = postSolution
		SolutionGuid = {A382E4D5-5A95-4C09-BD54-3757071EF138}
	EndGlobalSection
EndGlobal
