
Microsoft Visual Studio Solution File, Format Version 12.00
# Visual Studio Version 16
VisualStudioVersion = 16.0.29613.14
MinimumVisualStudioVersion = 10.0.40219.1
Project("{FAE04EC0-301F-11D3-BF4B-00C04F79EFBC}") = "01BasicStackOperations", "01BasicStackOperations\01BasicStackOperations.csproj", "{B2C620F8-8A69-47E8-A924-0C27B7CC71AB}"
EndProject
Global
	GlobalSection(SolutionConfigurationPlatforms) = preSolution
		Debug|Any CPU = Debug|Any CPU
		Release|Any CPU = Release|Any CPU
	EndGlobalSection
	GlobalSection(ProjectConfigurationPlatforms) = postSolution
		{B2C620F8-8A69-47E8-A924-0C27B7CC71AB}.Debug|Any CPU.ActiveCfg = Debug|Any CPU
		{B2C620F8-8A69-47E8-A924-0C27B7CC71AB}.Debug|Any CPU.Build.0 = Debug|Any CPU
		{B2C620F8-8A69-47E8-A924-0C27B7CC71AB}.Release|Any CPU.ActiveCfg = Release|Any CPU
		{B2C620F8-8A69-47E8-A924-0C27B7CC71AB}.Release|Any CPU.Build.0 = Release|Any CPU
	EndGlobalSection
	GlobalSection(SolutionProperties) = preSolution
		HideSolutionNode = FALSE
	EndGlobalSection
	GlobalSection(ExtensibilityGlobals) = postSolution
		SolutionGuid = {2960B4BA-8E38-47FF-B6F1-7CEF7AD28131}
	EndGlobalSection
EndGlobal
