
Microsoft Visual Studio Solution File, Format Version 12.00
# Visual Studio Version 16
VisualStudioVersion = 16.0.29920.165
MinimumVisualStudioVersion = 10.0.40219.1
Project("{FAE04EC0-301F-11D3-BF4B-00C04F79EFBC}") = "P01UniqueUsernames", "P01UniqueUsernames\P01UniqueUsernames.csproj", "{B7510A63-115D-469F-8253-51DAAD0024C4}"
EndProject
Project("{FAE04EC0-301F-11D3-BF4B-00C04F79EFBC}") = "P02SetsOfElements", "P02SetsOfElements\P02SetsOfElements.csproj", "{C97AFBF2-C489-471D-8610-DD7C50B48239}"
EndProject
Global
	GlobalSection(SolutionConfigurationPlatforms) = preSolution
		Debug|Any CPU = Debug|Any CPU
		Release|Any CPU = Release|Any CPU
	EndGlobalSection
	GlobalSection(ProjectConfigurationPlatforms) = postSolution
		{B7510A63-115D-469F-8253-51DAAD0024C4}.Debug|Any CPU.ActiveCfg = Debug|Any CPU
		{B7510A63-115D-469F-8253-51DAAD0024C4}.Debug|Any CPU.Build.0 = Debug|Any CPU
		{B7510A63-115D-469F-8253-51DAAD0024C4}.Release|Any CPU.ActiveCfg = Release|Any CPU
		{B7510A63-115D-469F-8253-51DAAD0024C4}.Release|Any CPU.Build.0 = Release|Any CPU
		{C97AFBF2-C489-471D-8610-DD7C50B48239}.Debug|Any CPU.ActiveCfg = Debug|Any CPU
		{C97AFBF2-C489-471D-8610-DD7C50B48239}.Debug|Any CPU.Build.0 = Debug|Any CPU
		{C97AFBF2-C489-471D-8610-DD7C50B48239}.Release|Any CPU.ActiveCfg = Release|Any CPU
		{C97AFBF2-C489-471D-8610-DD7C50B48239}.Release|Any CPU.Build.0 = Release|Any CPU
	EndGlobalSection
	GlobalSection(SolutionProperties) = preSolution
		HideSolutionNode = FALSE
	EndGlobalSection
	GlobalSection(ExtensibilityGlobals) = postSolution
		SolutionGuid = {0D6C5D55-8F53-4394-B2EB-9ADF8CA16C98}
	EndGlobalSection
EndGlobal
