
Microsoft Visual Studio Solution File, Format Version 12.00
# Visual Studio Version 16
VisualStudioVersion = 16.0.29920.165
MinimumVisualStudioVersion = 10.0.40219.1
Project("{FAE04EC0-301F-11D3-BF4B-00C04F79EFBC}") = "P01UniqueUsernames", "P01UniqueUsernames\P01UniqueUsernames.csproj", "{B7510A63-115D-469F-8253-51DAAD0024C4}"
EndProject
Project("{FAE04EC0-301F-11D3-BF4B-00C04F79EFBC}") = "P02SetsOfElements", "P02SetsOfElements\P02SetsOfElements.csproj", "{C97AFBF2-C489-471D-8610-DD7C50B48239}"
EndProject
Project("{FAE04EC0-301F-11D3-BF4B-00C04F79EFBC}") = "P03PeriodicTable", "P03PeriodicTable\P03PeriodicTable.csproj", "{B7D1E689-E494-4E12-9B40-4792E33A943C}"
EndProject
Project("{FAE04EC0-301F-11D3-BF4B-00C04F79EFBC}") = "P04EvenTimes", "P04EvenTimes\P04EvenTimes.csproj", "{999BA7FC-A110-4790-87D1-3A4D9D00AB0B}"
EndProject
Project("{FAE04EC0-301F-11D3-BF4B-00C04F79EFBC}") = "P05CountSymbols", "P05CountSymbols\P05CountSymbols.csproj", "{189BDCDE-A1CB-4BD9-874A-BD0A912C5274}"
EndProject
Project("{FAE04EC0-301F-11D3-BF4B-00C04F79EFBC}") = "P06Wardrobe", "P06Wardrobe\P06Wardrobe.csproj", "{7FFAAF3B-B67C-43F6-89DA-47A61B42D2B1}"
EndProject
Project("{FAE04EC0-301F-11D3-BF4B-00C04F79EFBC}") = "P07TheV-Logger", "P07TheV-Logger\P07TheV-Logger.csproj", "{6A2A9666-6C33-4BFC-AF83-43361533B8DD}"
EndProject
Project("{FAE04EC0-301F-11D3-BF4B-00C04F79EFBC}") = "P08Ranking", "P08Ranking\P08Ranking.csproj", "{4123681A-00C7-4316-87D5-120C8570FD79}"
EndProject
Global
	GlobalSection(SolutionConfigurationPlatforms) = preSolution
		Debug|Any CPU = Debug|Any CPU
		Release|Any CPU = Release|Any CPU
	EndGlobalSection
	GlobalSection(ProjectConfigurationPlatforms) = postSolution
		{B7510A63-115D-469F-8253-51DAAD0024C4}.Debug|Any CPU.ActiveCfg = Debug|Any CPU
		{B7510A63-115D-469F-8253-51DAAD0024C4}.Debug|Any CPU.Build.0 = Debug|Any CPU
		{B7510A63-115D-469F-8253-51DAAD0024C4}.Release|Any CPU.ActiveCfg = Release|Any CPU
		{B7510A63-115D-469F-8253-51DAAD0024C4}.Release|Any CPU.Build.0 = Release|Any CPU
		{C97AFBF2-C489-471D-8610-DD7C50B48239}.Debug|Any CPU.ActiveCfg = Debug|Any CPU
		{C97AFBF2-C489-471D-8610-DD7C50B48239}.Debug|Any CPU.Build.0 = Debug|Any CPU
		{C97AFBF2-C489-471D-8610-DD7C50B48239}.Release|Any CPU.ActiveCfg = Release|Any CPU
		{C97AFBF2-C489-471D-8610-DD7C50B48239}.Release|Any CPU.Build.0 = Release|Any CPU
		{B7D1E689-E494-4E12-9B40-4792E33A943C}.Debug|Any CPU.ActiveCfg = Debug|Any CPU
		{B7D1E689-E494-4E12-9B40-4792E33A943C}.Debug|Any CPU.Build.0 = Debug|Any CPU
		{B7D1E689-E494-4E12-9B40-4792E33A943C}.Release|Any CPU.ActiveCfg = Release|Any CPU
		{B7D1E689-E494-4E12-9B40-4792E33A943C}.Release|Any CPU.Build.0 = Release|Any CPU
		{999BA7FC-A110-4790-87D1-3A4D9D00AB0B}.Debug|Any CPU.ActiveCfg = Debug|Any CPU
		{999BA7FC-A110-4790-87D1-3A4D9D00AB0B}.Debug|Any CPU.Build.0 = Debug|Any CPU
		{999BA7FC-A110-4790-87D1-3A4D9D00AB0B}.Release|Any CPU.ActiveCfg = Release|Any CPU
		{999BA7FC-A110-4790-87D1-3A4D9D00AB0B}.Release|Any CPU.Build.0 = Release|Any CPU
		{189BDCDE-A1CB-4BD9-874A-BD0A912C5274}.Debug|Any CPU.ActiveCfg = Debug|Any CPU
		{189BDCDE-A1CB-4BD9-874A-BD0A912C5274}.Debug|Any CPU.Build.0 = Debug|Any CPU
		{189BDCDE-A1CB-4BD9-874A-BD0A912C5274}.Release|Any CPU.ActiveCfg = Release|Any CPU
		{189BDCDE-A1CB-4BD9-874A-BD0A912C5274}.Release|Any CPU.Build.0 = Release|Any CPU
		{7FFAAF3B-B67C-43F6-89DA-47A61B42D2B1}.Debug|Any CPU.ActiveCfg = Debug|Any CPU
		{7FFAAF3B-B67C-43F6-89DA-47A61B42D2B1}.Debug|Any CPU.Build.0 = Debug|Any CPU
		{7FFAAF3B-B67C-43F6-89DA-47A61B42D2B1}.Release|Any CPU.ActiveCfg = Release|Any CPU
		{7FFAAF3B-B67C-43F6-89DA-47A61B42D2B1}.Release|Any CPU.Build.0 = Release|Any CPU
		{6A2A9666-6C33-4BFC-AF83-43361533B8DD}.Debug|Any CPU.ActiveCfg = Debug|Any CPU
		{6A2A9666-6C33-4BFC-AF83-43361533B8DD}.Debug|Any CPU.Build.0 = Debug|Any CPU
		{6A2A9666-6C33-4BFC-AF83-43361533B8DD}.Release|Any CPU.ActiveCfg = Release|Any CPU
		{6A2A9666-6C33-4BFC-AF83-43361533B8DD}.Release|Any CPU.Build.0 = Release|Any CPU
		{4123681A-00C7-4316-87D5-120C8570FD79}.Debug|Any CPU.ActiveCfg = Debug|Any CPU
		{4123681A-00C7-4316-87D5-120C8570FD79}.Debug|Any CPU.Build.0 = Debug|Any CPU
		{4123681A-00C7-4316-87D5-120C8570FD79}.Release|Any CPU.ActiveCfg = Release|Any CPU
		{4123681A-00C7-4316-87D5-120C8570FD79}.Release|Any CPU.Build.0 = Release|Any CPU
	EndGlobalSection
	GlobalSection(SolutionProperties) = preSolution
		HideSolutionNode = FALSE
	EndGlobalSection
	GlobalSection(ExtensibilityGlobals) = postSolution
		SolutionGuid = {0D6C5D55-8F53-4394-B2EB-9ADF8CA16C98}
	EndGlobalSection
EndGlobal
