
Microsoft Visual Studio Solution File, Format Version 12.00
# Visual Studio Version 16
VisualStudioVersion = 16.0.29613.14
MinimumVisualStudioVersion = 10.0.40219.1
Project("{FAE04EC0-301F-11D3-BF4B-00C04F79EFBC}") = "1Warrior's Quest", "1Warrior's Quest\1Warrior's Quest.csproj", "{72AD6A84-A470-46E0-A039-770F5DFE20B5}"
EndProject
Global
	GlobalSection(SolutionConfigurationPlatforms) = preSolution
		Debug|Any CPU = Debug|Any CPU
		Release|Any CPU = Release|Any CPU
	EndGlobalSection
	GlobalSection(ProjectConfigurationPlatforms) = postSolution
		{72AD6A84-A470-46E0-A039-770F5DFE20B5}.Debug|Any CPU.ActiveCfg = Debug|Any CPU
		{72AD6A84-A470-46E0-A039-770F5DFE20B5}.Debug|Any CPU.Build.0 = Debug|Any CPU
		{72AD6A84-A470-46E0-A039-770F5DFE20B5}.Release|Any CPU.ActiveCfg = Release|Any CPU
		{72AD6A84-A470-46E0-A039-770F5DFE20B5}.Release|Any CPU.Build.0 = Release|Any CPU
	EndGlobalSection
	GlobalSection(SolutionProperties) = preSolution
		HideSolutionNode = FALSE
	EndGlobalSection
	GlobalSection(ExtensibilityGlobals) = postSolution
		SolutionGuid = {EF8A26EA-2409-4208-8A2A-182AB75455EB}
	EndGlobalSection
EndGlobal
