
Microsoft Visual Studio Solution File, Format Version 12.00
# Visual Studio Version 16
VisualStudioVersion = 16.0.29613.14
MinimumVisualStudioVersion = 10.0.40219.1
Project("{FAE04EC0-301F-11D3-BF4B-00C04F79EFBC}") = "01DayOfWeek", "01DayOfWeek\01DayOfWeek.csproj", "{AEA72560-C9BA-464D-836D-80F9DA41ACAC}"
EndProject
Global
	GlobalSection(SolutionConfigurationPlatforms) = preSolution
		Debug|Any CPU = Debug|Any CPU
		Release|Any CPU = Release|Any CPU
	EndGlobalSection
	GlobalSection(ProjectConfigurationPlatforms) = postSolution
		{AEA72560-C9BA-464D-836D-80F9DA41ACAC}.Debug|Any CPU.ActiveCfg = Debug|Any CPU
		{AEA72560-C9BA-464D-836D-80F9DA41ACAC}.Debug|Any CPU.Build.0 = Debug|Any CPU
		{AEA72560-C9BA-464D-836D-80F9DA41ACAC}.Release|Any CPU.ActiveCfg = Release|Any CPU
		{AEA72560-C9BA-464D-836D-80F9DA41ACAC}.Release|Any CPU.Build.0 = Release|Any CPU
	EndGlobalSection
	GlobalSection(SolutionProperties) = preSolution
		HideSolutionNode = FALSE
	EndGlobalSection
	GlobalSection(ExtensibilityGlobals) = postSolution
		SolutionGuid = {49C7E968-EA16-4774-A5DD-ACFDB2DA17B2}
	EndGlobalSection
EndGlobal
