
Microsoft Visual Studio Solution File, Format Version 12.00
# Visual Studio Version 16
VisualStudioVersion = 16.0.29613.14
MinimumVisualStudioVersion = 10.0.40219.1
Project("{9A19103F-16F7-4668-BE54-9A1E7A4F7556}") = "DefiningClasses", "DefiningClasses\DefiningClasses.csproj", "{15AEA6BC-CE12-4E8E-BBF0-19166B238B63}"
EndProject
Project("{9A19103F-16F7-4668-BE54-9A1E7A4F7556}") = "DateModifier", "DateModifier\DateModifier.csproj", "{23964D2C-704D-4448-B5AB-CEDE125C1A16}"
EndProject
Project("{9A19103F-16F7-4668-BE54-9A1E7A4F7556}") = "SpeedRacing", "SpeedRacing\SpeedRacing.csproj", "{C79BF2E4-C611-4A4E-92FF-76E026EF910D}"
EndProject
Project("{9A19103F-16F7-4668-BE54-9A1E7A4F7556}") = "RawData", "RawData\RawData.csproj", "{FA72AC3A-23B3-4A34-A994-B1815132A803}"
EndProject
Project("{9A19103F-16F7-4668-BE54-9A1E7A4F7556}") = "CarSalesman", "CarSalesman\CarSalesman.csproj", "{8D75C019-D97A-4819-8564-E9C5C808E391}"
EndProject
Project("{FAE04EC0-301F-11D3-BF4B-00C04F79EFBC}") = "PokemonTrainer", "PokemonTrainer\PokemonTrainer.csproj", "{C3AFE971-F278-464B-8A14-C274786E6964}"
EndProject
Global
	GlobalSection(SolutionConfigurationPlatforms) = preSolution
		Debug|Any CPU = Debug|Any CPU
		Release|Any CPU = Release|Any CPU
	EndGlobalSection
	GlobalSection(ProjectConfigurationPlatforms) = postSolution
		{15AEA6BC-CE12-4E8E-BBF0-19166B238B63}.Debug|Any CPU.ActiveCfg = Debug|Any CPU
		{15AEA6BC-CE12-4E8E-BBF0-19166B238B63}.Debug|Any CPU.Build.0 = Debug|Any CPU
		{15AEA6BC-CE12-4E8E-BBF0-19166B238B63}.Release|Any CPU.ActiveCfg = Release|Any CPU
		{15AEA6BC-CE12-4E8E-BBF0-19166B238B63}.Release|Any CPU.Build.0 = Release|Any CPU
		{23964D2C-704D-4448-B5AB-CEDE125C1A16}.Debug|Any CPU.ActiveCfg = Debug|Any CPU
		{23964D2C-704D-4448-B5AB-CEDE125C1A16}.Debug|Any CPU.Build.0 = Debug|Any CPU
		{23964D2C-704D-4448-B5AB-CEDE125C1A16}.Release|Any CPU.ActiveCfg = Release|Any CPU
		{23964D2C-704D-4448-B5AB-CEDE125C1A16}.Release|Any CPU.Build.0 = Release|Any CPU
		{C79BF2E4-C611-4A4E-92FF-76E026EF910D}.Debug|Any CPU.ActiveCfg = Debug|Any CPU
		{C79BF2E4-C611-4A4E-92FF-76E026EF910D}.Debug|Any CPU.Build.0 = Debug|Any CPU
		{C79BF2E4-C611-4A4E-92FF-76E026EF910D}.Release|Any CPU.ActiveCfg = Release|Any CPU
		{C79BF2E4-C611-4A4E-92FF-76E026EF910D}.Release|Any CPU.Build.0 = Release|Any CPU
		{FA72AC3A-23B3-4A34-A994-B1815132A803}.Debug|Any CPU.ActiveCfg = Debug|Any CPU
		{FA72AC3A-23B3-4A34-A994-B1815132A803}.Debug|Any CPU.Build.0 = Debug|Any CPU
		{FA72AC3A-23B3-4A34-A994-B1815132A803}.Release|Any CPU.ActiveCfg = Release|Any CPU
		{FA72AC3A-23B3-4A34-A994-B1815132A803}.Release|Any CPU.Build.0 = Release|Any CPU
		{8D75C019-D97A-4819-8564-E9C5C808E391}.Debug|Any CPU.ActiveCfg = Debug|Any CPU
		{8D75C019-D97A-4819-8564-E9C5C808E391}.Debug|Any CPU.Build.0 = Debug|Any CPU
		{8D75C019-D97A-4819-8564-E9C5C808E391}.Release|Any CPU.ActiveCfg = Release|Any CPU
		{8D75C019-D97A-4819-8564-E9C5C808E391}.Release|Any CPU.Build.0 = Release|Any CPU
		{C3AFE971-F278-464B-8A14-C274786E6964}.Debug|Any CPU.ActiveCfg = Debug|Any CPU
		{C3AFE971-F278-464B-8A14-C274786E6964}.Debug|Any CPU.Build.0 = Debug|Any CPU
		{C3AFE971-F278-464B-8A14-C274786E6964}.Release|Any CPU.ActiveCfg = Release|Any CPU
		{C3AFE971-F278-464B-8A14-C274786E6964}.Release|Any CPU.Build.0 = Release|Any CPU
	EndGlobalSection
	GlobalSection(SolutionProperties) = preSolution
		HideSolutionNode = FALSE
	EndGlobalSection
	GlobalSection(ExtensibilityGlobals) = postSolution
		SolutionGuid = {2C82C076-68CB-453C-AEE9-512F51A2256E}
	EndGlobalSection
EndGlobal
