
Microsoft Visual Studio Solution File, Format Version 12.00
# Visual Studio Version 16
VisualStudioVersion = 16.0.29613.14
MinimumVisualStudioVersion = 10.0.40219.1
Project("{FAE04EC0-301F-11D3-BF4B-00C04F79EFBC}") = "05PrintEvenNumbers", "05PrintEvenNumbers\05PrintEvenNumbers.csproj", "{DD799FE6-5280-44E0-96EF-C8E51E55E698}"
EndProject
Global
	GlobalSection(SolutionConfigurationPlatforms) = preSolution
		Debug|Any CPU = Debug|Any CPU
		Release|Any CPU = Release|Any CPU
	EndGlobalSection
	GlobalSection(ProjectConfigurationPlatforms) = postSolution
		{DD799FE6-5280-44E0-96EF-C8E51E55E698}.Debug|Any CPU.ActiveCfg = Debug|Any CPU
		{DD799FE6-5280-44E0-96EF-C8E51E55E698}.Debug|Any CPU.Build.0 = Debug|Any CPU
		{DD799FE6-5280-44E0-96EF-C8E51E55E698}.Release|Any CPU.ActiveCfg = Release|Any CPU
		{DD799FE6-5280-44E0-96EF-C8E51E55E698}.Release|Any CPU.Build.0 = Release|Any CPU
	EndGlobalSection
	GlobalSection(SolutionProperties) = preSolution
		HideSolutionNode = FALSE
	EndGlobalSection
	GlobalSection(ExtensibilityGlobals) = postSolution
		SolutionGuid = {C69E0818-514F-4494-9F55-24E169632B6C}
	EndGlobalSection
EndGlobal
