
Microsoft Visual Studio Solution File, Format Version 12.00
# Visual Studio Version 16
VisualStudioVersion = 16.0.29613.14
MinimumVisualStudioVersion = 10.0.40219.1
Project("{FAE04EC0-301F-11D3-BF4B-00C04F79EFBC}") = "3FloatingEquality", "3FloatingEquality\3FloatingEquality.csproj", "{5F1FAD41-A6C1-4A94-8C40-15C6C45821B1}"
EndProject
Global
	GlobalSection(SolutionConfigurationPlatforms) = preSolution
		Debug|Any CPU = Debug|Any CPU
		Release|Any CPU = Release|Any CPU
	EndGlobalSection
	GlobalSection(ProjectConfigurationPlatforms) = postSolution
		{5F1FAD41-A6C1-4A94-8C40-15C6C45821B1}.Debug|Any CPU.ActiveCfg = Debug|Any CPU
		{5F1FAD41-A6C1-4A94-8C40-15C6C45821B1}.Debug|Any CPU.Build.0 = Debug|Any CPU
		{5F1FAD41-A6C1-4A94-8C40-15C6C45821B1}.Release|Any CPU.ActiveCfg = Release|Any CPU
		{5F1FAD41-A6C1-4A94-8C40-15C6C45821B1}.Release|Any CPU.Build.0 = Release|Any CPU
	EndGlobalSection
	GlobalSection(SolutionProperties) = preSolution
		HideSolutionNode = FALSE
	EndGlobalSection
	GlobalSection(ExtensibilityGlobals) = postSolution
		SolutionGuid = {E0583475-7E6E-4501-9599-FEE9B7790047}
	EndGlobalSection
EndGlobal
