
Microsoft Visual Studio Solution File, Format Version 12.00
# Visual Studio Version 16
VisualStudioVersion = 16.0.29613.14
MinimumVisualStudioVersion = 10.0.40219.1
Project("{FAE04EC0-301F-11D3-BF4B-00C04F79EFBC}") = "04PasswordValidator", "04PasswordValidator\04PasswordValidator.csproj", "{EDF9BCDE-5C7F-4CFE-B237-2B56FB8E4BD0}"
EndProject
Global
	GlobalSection(SolutionConfigurationPlatforms) = preSolution
		Debug|Any CPU = Debug|Any CPU
		Release|Any CPU = Release|Any CPU
	EndGlobalSection
	GlobalSection(ProjectConfigurationPlatforms) = postSolution
		{EDF9BCDE-5C7F-4CFE-B237-2B56FB8E4BD0}.Debug|Any CPU.ActiveCfg = Debug|Any CPU
		{EDF9BCDE-5C7F-4CFE-B237-2B56FB8E4BD0}.Debug|Any CPU.Build.0 = Debug|Any CPU
		{EDF9BCDE-5C7F-4CFE-B237-2B56FB8E4BD0}.Release|Any CPU.ActiveCfg = Release|Any CPU
		{EDF9BCDE-5C7F-4CFE-B237-2B56FB8E4BD0}.Release|Any CPU.Build.0 = Release|Any CPU
	EndGlobalSection
	GlobalSection(SolutionProperties) = preSolution
		HideSolutionNode = FALSE
	EndGlobalSection
	GlobalSection(ExtensibilityGlobals) = postSolution
		SolutionGuid = {22816DC6-B305-47DC-AAB2-D8D4C0DDBB81}
	EndGlobalSection
EndGlobal
