
Microsoft Visual Studio Solution File, Format Version 12.00
# Visual Studio Version 16
VisualStudioVersion = 16.0.30204.135
MinimumVisualStudioVersion = 10.0.40219.1
Project("{9A19103F-16F7-4668-BE54-9A1E7A4F7556}") = "DatingApp", "DatingApp\DatingApp.csproj", "{E45AE563-21E8-4C46-9AC7-CC5B918466B6}"
EndProject
Project("{FAE04EC0-301F-11D3-BF4B-00C04F79EFBC}") = "BookWorm", "BookWorm\BookWorm.csproj", "{74763CA8-FA2E-4020-828D-F383C34B91CA}"
EndProject
Global
	GlobalSection(SolutionConfigurationPlatforms) = preSolution
		Debug|Any CPU = Debug|Any CPU
		Release|Any CPU = Release|Any CPU
	EndGlobalSection
	GlobalSection(ProjectConfigurationPlatforms) = postSolution
		{E45AE563-21E8-4C46-9AC7-CC5B918466B6}.Debug|Any CPU.ActiveCfg = Debug|Any CPU
		{E45AE563-21E8-4C46-9AC7-CC5B918466B6}.Debug|Any CPU.Build.0 = Debug|Any CPU
		{E45AE563-21E8-4C46-9AC7-CC5B918466B6}.Release|Any CPU.ActiveCfg = Release|Any CPU
		{E45AE563-21E8-4C46-9AC7-CC5B918466B6}.Release|Any CPU.Build.0 = Release|Any CPU
		{74763CA8-FA2E-4020-828D-F383C34B91CA}.Debug|Any CPU.ActiveCfg = Debug|Any CPU
		{74763CA8-FA2E-4020-828D-F383C34B91CA}.Debug|Any CPU.Build.0 = Debug|Any CPU
		{74763CA8-FA2E-4020-828D-F383C34B91CA}.Release|Any CPU.ActiveCfg = Release|Any CPU
		{74763CA8-FA2E-4020-828D-F383C34B91CA}.Release|Any CPU.Build.0 = Release|Any CPU
	EndGlobalSection
	GlobalSection(SolutionProperties) = preSolution
		HideSolutionNode = FALSE
	EndGlobalSection
	GlobalSection(ExtensibilityGlobals) = postSolution
		SolutionGuid = {38BDE6E2-DCB9-4F90-B261-392D1E6814C1}
	EndGlobalSection
EndGlobal
