
Microsoft Visual Studio Solution File, Format Version 12.00
# Visual Studio Version 16
VisualStudioVersion = 16.0.29613.14
MinimumVisualStudioVersion = 10.0.40219.1
Project("{FAE04EC0-301F-11D3-BF4B-00C04F79EFBC}") = "05MonthPrinter", "05MonthPrinter\05MonthPrinter.csproj", "{9C4A00EC-0E75-4234-BCAD-D6C82E6D855E}"
EndProject
Global
	GlobalSection(SolutionConfigurationPlatforms) = preSolution
		Debug|Any CPU = Debug|Any CPU
		Release|Any CPU = Release|Any CPU
	EndGlobalSection
	GlobalSection(ProjectConfigurationPlatforms) = postSolution
		{9C4A00EC-0E75-4234-BCAD-D6C82E6D855E}.Debug|Any CPU.ActiveCfg = Debug|Any CPU
		{9C4A00EC-0E75-4234-BCAD-D6C82E6D855E}.Debug|Any CPU.Build.0 = Debug|Any CPU
		{9C4A00EC-0E75-4234-BCAD-D6C82E6D855E}.Release|Any CPU.ActiveCfg = Release|Any CPU
		{9C4A00EC-0E75-4234-BCAD-D6C82E6D855E}.Release|Any CPU.Build.0 = Release|Any CPU
	EndGlobalSection
	GlobalSection(SolutionProperties) = preSolution
		HideSolutionNode = FALSE
	EndGlobalSection
	GlobalSection(ExtensibilityGlobals) = postSolution
		SolutionGuid = {F7D892A6-DF14-4E9D-9AE1-139C1783EFE2}
	EndGlobalSection
EndGlobal
