
Microsoft Visual Studio Solution File, Format Version 12.00
# Visual Studio Version 16
VisualStudioVersion = 16.0.29806.167
MinimumVisualStudioVersion = 10.0.40219.1
Project("{9A19103F-16F7-4668-BE54-9A1E7A4F7556}") = "p01Furniture", "p01Furniture\p01Furniture.csproj", "{A1275FE3-A5DA-454C-9609-8BDA7202BD0A}"
EndProject
Project("{9A19103F-16F7-4668-BE54-9A1E7A4F7556}") = "p02Race", "p02Race\p02Race.csproj", "{CFC39193-AD5B-4C92-99B6-8B037014E52D}"
EndProject
Project("{9A19103F-16F7-4668-BE54-9A1E7A4F7556}") = "p03SoftUniBarIncome", "p03SoftUniBarIncome\p03SoftUniBarIncome.csproj", "{AD37A94B-070F-4BB5-8E26-6F331D327059}"
EndProject
Project("{FAE04EC0-301F-11D3-BF4B-00C04F79EFBC}") = "p04StarEnigma", "p04StarEnigma\p04StarEnigma.csproj", "{A2F5362A-F3FC-42AA-BA6E-3BB99DD7B131}"
EndProject
Project("{FAE04EC0-301F-11D3-BF4B-00C04F79EFBC}") = "p05NetherRealms", "p05NetherRealms\p05NetherRealms.csproj", "{CDD3C5F3-D50B-43C9-9847-CB851278A645}"
EndProject
Global
	GlobalSection(SolutionConfigurationPlatforms) = preSolution
		Debug|Any CPU = Debug|Any CPU
		Release|Any CPU = Release|Any CPU
	EndGlobalSection
	GlobalSection(ProjectConfigurationPlatforms) = postSolution
		{A1275FE3-A5DA-454C-9609-8BDA7202BD0A}.Debug|Any CPU.ActiveCfg = Debug|Any CPU
		{A1275FE3-A5DA-454C-9609-8BDA7202BD0A}.Debug|Any CPU.Build.0 = Debug|Any CPU
		{A1275FE3-A5DA-454C-9609-8BDA7202BD0A}.Release|Any CPU.ActiveCfg = Release|Any CPU
		{A1275FE3-A5DA-454C-9609-8BDA7202BD0A}.Release|Any CPU.Build.0 = Release|Any CPU
		{CFC39193-AD5B-4C92-99B6-8B037014E52D}.Debug|Any CPU.ActiveCfg = Debug|Any CPU
		{CFC39193-AD5B-4C92-99B6-8B037014E52D}.Debug|Any CPU.Build.0 = Debug|Any CPU
		{CFC39193-AD5B-4C92-99B6-8B037014E52D}.Release|Any CPU.ActiveCfg = Release|Any CPU
		{CFC39193-AD5B-4C92-99B6-8B037014E52D}.Release|Any CPU.Build.0 = Release|Any CPU
		{AD37A94B-070F-4BB5-8E26-6F331D327059}.Debug|Any CPU.ActiveCfg = Debug|Any CPU
		{AD37A94B-070F-4BB5-8E26-6F331D327059}.Debug|Any CPU.Build.0 = Debug|Any CPU
		{AD37A94B-070F-4BB5-8E26-6F331D327059}.Release|Any CPU.ActiveCfg = Release|Any CPU
		{AD37A94B-070F-4BB5-8E26-6F331D327059}.Release|Any CPU.Build.0 = Release|Any CPU
		{A2F5362A-F3FC-42AA-BA6E-3BB99DD7B131}.Debug|Any CPU.ActiveCfg = Debug|Any CPU
		{A2F5362A-F3FC-42AA-BA6E-3BB99DD7B131}.Debug|Any CPU.Build.0 = Debug|Any CPU
		{A2F5362A-F3FC-42AA-BA6E-3BB99DD7B131}.Release|Any CPU.ActiveCfg = Release|Any CPU
		{A2F5362A-F3FC-42AA-BA6E-3BB99DD7B131}.Release|Any CPU.Build.0 = Release|Any CPU
		{CDD3C5F3-D50B-43C9-9847-CB851278A645}.Debug|Any CPU.ActiveCfg = Debug|Any CPU
		{CDD3C5F3-D50B-43C9-9847-CB851278A645}.Debug|Any CPU.Build.0 = Debug|Any CPU
		{CDD3C5F3-D50B-43C9-9847-CB851278A645}.Release|Any CPU.ActiveCfg = Release|Any CPU
		{CDD3C5F3-D50B-43C9-9847-CB851278A645}.Release|Any CPU.Build.0 = Release|Any CPU
	EndGlobalSection
	GlobalSection(SolutionProperties) = preSolution
		HideSolutionNode = FALSE
	EndGlobalSection
	GlobalSection(ExtensibilityGlobals) = postSolution
		SolutionGuid = {6C25E199-2A7D-4299-9E04-7E3D948766B2}
	EndGlobalSection
EndGlobal
