
Microsoft Visual Studio Solution File, Format Version 12.00
# Visual Studio Version 16
VisualStudioVersion = 16.0.29613.14
MinimumVisualStudioVersion = 10.0.40219.1
Project("{FAE04EC0-301F-11D3-BF4B-00C04F79EFBC}") = "07StoreBoxes", "07StoreBoxes\07StoreBoxes.csproj", "{6262FC15-47FA-4BB9-A5DB-3DF3BDCF8A82}"
EndProject
Global
	GlobalSection(SolutionConfigurationPlatforms) = preSolution
		Debug|Any CPU = Debug|Any CPU
		Release|Any CPU = Release|Any CPU
	EndGlobalSection
	GlobalSection(ProjectConfigurationPlatforms) = postSolution
		{6262FC15-47FA-4BB9-A5DB-3DF3BDCF8A82}.Debug|Any CPU.ActiveCfg = Debug|Any CPU
		{6262FC15-47FA-4BB9-A5DB-3DF3BDCF8A82}.Debug|Any CPU.Build.0 = Debug|Any CPU
		{6262FC15-47FA-4BB9-A5DB-3DF3BDCF8A82}.Release|Any CPU.ActiveCfg = Release|Any CPU
		{6262FC15-47FA-4BB9-A5DB-3DF3BDCF8A82}.Release|Any CPU.Build.0 = Release|Any CPU
	EndGlobalSection
	GlobalSection(SolutionProperties) = preSolution
		HideSolutionNode = FALSE
	EndGlobalSection
	GlobalSection(ExtensibilityGlobals) = postSolution
		SolutionGuid = {92E0C802-A846-45FD-AC19-FDE12D5B5B0B}
	EndGlobalSection
EndGlobal
