
Microsoft Visual Studio Solution File, Format Version 12.00
# Visual Studio Version 16
VisualStudioVersion = 16.0.29613.14
MinimumVisualStudioVersion = 10.0.40219.1
Project("{FAE04EC0-301F-11D3-BF4B-00C04F79EFBC}") = "09PalindromeIntegers", "09PalindromeIntegers\09PalindromeIntegers.csproj", "{896FCABC-BA3C-4A13-BF1F-F915DF972B99}"
EndProject
Global
	GlobalSection(SolutionConfigurationPlatforms) = preSolution
		Debug|Any CPU = Debug|Any CPU
		Release|Any CPU = Release|Any CPU
	EndGlobalSection
	GlobalSection(ProjectConfigurationPlatforms) = postSolution
		{896FCABC-BA3C-4A13-BF1F-F915DF972B99}.Debug|Any CPU.ActiveCfg = Debug|Any CPU
		{896FCABC-BA3C-4A13-BF1F-F915DF972B99}.Debug|Any CPU.Build.0 = Debug|Any CPU
		{896FCABC-BA3C-4A13-BF1F-F915DF972B99}.Release|Any CPU.ActiveCfg = Release|Any CPU
		{896FCABC-BA3C-4A13-BF1F-F915DF972B99}.Release|Any CPU.Build.0 = Release|Any CPU
	EndGlobalSection
	GlobalSection(SolutionProperties) = preSolution
		HideSolutionNode = FALSE
	EndGlobalSection
	GlobalSection(ExtensibilityGlobals) = postSolution
		SolutionGuid = {0CACEB51-B0AA-442E-AA4F-DEDCC3A2E568}
	EndGlobalSection
EndGlobal
