
Microsoft Visual Studio Solution File, Format Version 12.00
# Visual Studio Version 16
VisualStudioVersion = 16.0.30204.135
MinimumVisualStudioVersion = 10.0.40219.1
Project("{9A19103F-16F7-4668-BE54-9A1E7A4F7556}") = "SimpleDesition", "ConsoleApp3\SimpleDesition.csproj", "{80B41A32-A0BE-4A85-BF95-A9129EC9C707}"
EndProject
Project("{9A19103F-16F7-4668-BE54-9A1E7A4F7556}") = "WithMatrix", "ConsoleApp1\WithMatrix.csproj", "{D76AFA8B-0CE3-4835-A832-D1ACFD0ABC48}"
EndProject
Project("{FAE04EC0-301F-11D3-BF4B-00C04F79EFBC}") = "WordTask", "WordTask\WordTask.csproj", "{DB044CA9-4C27-49C2-ADC7-70D54E832C2C}"
EndProject
Project("{FAE04EC0-301F-11D3-BF4B-00C04F79EFBC}") = "WordTask2", "WordTask2\WordTask2.csproj", "{2D8274D1-EA3B-4172-B13F-8FC3AB4F8B9B}"
EndProject
Global
	GlobalSection(SolutionConfigurationPlatforms) = preSolution
		Debug|Any CPU = Debug|Any CPU
		Release|Any CPU = Release|Any CPU
	EndGlobalSection
	GlobalSection(ProjectConfigurationPlatforms) = postSolution
		{80B41A32-A0BE-4A85-BF95-A9129EC9C707}.Debug|Any CPU.ActiveCfg = Debug|Any CPU
		{80B41A32-A0BE-4A85-BF95-A9129EC9C707}.Debug|Any CPU.Build.0 = Debug|Any CPU
		{80B41A32-A0BE-4A85-BF95-A9129EC9C707}.Release|Any CPU.ActiveCfg = Release|Any CPU
		{80B41A32-A0BE-4A85-BF95-A9129EC9C707}.Release|Any CPU.Build.0 = Release|Any CPU
		{D76AFA8B-0CE3-4835-A832-D1ACFD0ABC48}.Debug|Any CPU.ActiveCfg = Debug|Any CPU
		{D76AFA8B-0CE3-4835-A832-D1ACFD0ABC48}.Debug|Any CPU.Build.0 = Debug|Any CPU
		{D76AFA8B-0CE3-4835-A832-D1ACFD0ABC48}.Release|Any CPU.ActiveCfg = Release|Any CPU
		{D76AFA8B-0CE3-4835-A832-D1ACFD0ABC48}.Release|Any CPU.Build.0 = Release|Any CPU
		{DB044CA9-4C27-49C2-ADC7-70D54E832C2C}.Debug|Any CPU.ActiveCfg = Debug|Any CPU
		{DB044CA9-4C27-49C2-ADC7-70D54E832C2C}.Debug|Any CPU.Build.0 = Debug|Any CPU
		{DB044CA9-4C27-49C2-ADC7-70D54E832C2C}.Release|Any CPU.ActiveCfg = Release|Any CPU
		{DB044CA9-4C27-49C2-ADC7-70D54E832C2C}.Release|Any CPU.Build.0 = Release|Any CPU
		{2D8274D1-EA3B-4172-B13F-8FC3AB4F8B9B}.Debug|Any CPU.ActiveCfg = Debug|Any CPU
		{2D8274D1-EA3B-4172-B13F-8FC3AB4F8B9B}.Debug|Any CPU.Build.0 = Debug|Any CPU
		{2D8274D1-EA3B-4172-B13F-8FC3AB4F8B9B}.Release|Any CPU.ActiveCfg = Release|Any CPU
		{2D8274D1-EA3B-4172-B13F-8FC3AB4F8B9B}.Release|Any CPU.Build.0 = Release|Any CPU
	EndGlobalSection
	GlobalSection(SolutionProperties) = preSolution
		HideSolutionNode = FALSE
	EndGlobalSection
	GlobalSection(ExtensibilityGlobals) = postSolution
		SolutionGuid = {6CF2983B-9523-4FED-8010-BF0A148314D1}
	EndGlobalSection
EndGlobal
