
Microsoft Visual Studio Solution File, Format Version 12.00
# Visual Studio Version 16
VisualStudioVersion = 16.0.29613.14
MinimumVisualStudioVersion = 10.0.40219.1
Project("{FAE04EC0-301F-11D3-BF4B-00C04F79EFBC}") = "02RepeatStrings", "02RepeatStrings\02RepeatStrings.csproj", "{53DC8471-8E45-46FC-9CAE-DBB81C71629C}"
EndProject
Global
	GlobalSection(SolutionConfigurationPlatforms) = preSolution
		Debug|Any CPU = Debug|Any CPU
		Release|Any CPU = Release|Any CPU
	EndGlobalSection
	GlobalSection(ProjectConfigurationPlatforms) = postSolution
		{53DC8471-8E45-46FC-9CAE-DBB81C71629C}.Debug|Any CPU.ActiveCfg = Debug|Any CPU
		{53DC8471-8E45-46FC-9CAE-DBB81C71629C}.Debug|Any CPU.Build.0 = Debug|Any CPU
		{53DC8471-8E45-46FC-9CAE-DBB81C71629C}.Release|Any CPU.ActiveCfg = Release|Any CPU
		{53DC8471-8E45-46FC-9CAE-DBB81C71629C}.Release|Any CPU.Build.0 = Release|Any CPU
	EndGlobalSection
	GlobalSection(SolutionProperties) = preSolution
		HideSolutionNode = FALSE
	EndGlobalSection
	GlobalSection(ExtensibilityGlobals) = postSolution
		SolutionGuid = {EFE5CADE-9190-4E09-8187-1C449D2EBF17}
	EndGlobalSection
EndGlobal
