
Microsoft Visual Studio Solution File, Format Version 12.00
# Visual Studio Version 16
VisualStudioVersion = 16.0.29613.14
MinimumVisualStudioVersion = 10.0.40219.1
Project("{FAE04EC0-301F-11D3-BF4B-00C04F79EFBC}") = "5ReverseString", "5ReverseString\5ReverseString.csproj", "{1A766A69-3747-4900-AC7E-E9F46E4A8B65}"
EndProject
Global
	GlobalSection(SolutionConfigurationPlatforms) = preSolution
		Debug|Any CPU = Debug|Any CPU
		Release|Any CPU = Release|Any CPU
	EndGlobalSection
	GlobalSection(ProjectConfigurationPlatforms) = postSolution
		{1A766A69-3747-4900-AC7E-E9F46E4A8B65}.Debug|Any CPU.ActiveCfg = Debug|Any CPU
		{1A766A69-3747-4900-AC7E-E9F46E4A8B65}.Debug|Any CPU.Build.0 = Debug|Any CPU
		{1A766A69-3747-4900-AC7E-E9F46E4A8B65}.Release|Any CPU.ActiveCfg = Release|Any CPU
		{1A766A69-3747-4900-AC7E-E9F46E4A8B65}.Release|Any CPU.Build.0 = Release|Any CPU
	EndGlobalSection
	GlobalSection(SolutionProperties) = preSolution
		HideSolutionNode = FALSE
	EndGlobalSection
	GlobalSection(ExtensibilityGlobals) = postSolution
		SolutionGuid = {F657DC63-5406-4D30-80C7-241670848FCF}
	EndGlobalSection
EndGlobal
