
Microsoft Visual Studio Solution File, Format Version 12.00
# Visual Studio Version 16
VisualStudioVersion = 16.0.29613.14
MinimumVisualStudioVersion = 10.0.40219.1
Project("{FAE04EC0-301F-11D3-BF4B-00C04F79EFBC}") = "01BiscuitsFactory", "01BiscuitsFactory\01BiscuitsFactory.csproj", "{A9C55E84-4281-424D-BF2D-5B4BCD3D01E3}"
EndProject
Global
	GlobalSection(SolutionConfigurationPlatforms) = preSolution
		Debug|Any CPU = Debug|Any CPU
		Release|Any CPU = Release|Any CPU
	EndGlobalSection
	GlobalSection(ProjectConfigurationPlatforms) = postSolution
		{A9C55E84-4281-424D-BF2D-5B4BCD3D01E3}.Debug|Any CPU.ActiveCfg = Debug|Any CPU
		{A9C55E84-4281-424D-BF2D-5B4BCD3D01E3}.Debug|Any CPU.Build.0 = Debug|Any CPU
		{A9C55E84-4281-424D-BF2D-5B4BCD3D01E3}.Release|Any CPU.ActiveCfg = Release|Any CPU
		{A9C55E84-4281-424D-BF2D-5B4BCD3D01E3}.Release|Any CPU.Build.0 = Release|Any CPU
	EndGlobalSection
	GlobalSection(SolutionProperties) = preSolution
		HideSolutionNode = FALSE
	EndGlobalSection
	GlobalSection(ExtensibilityGlobals) = postSolution
		SolutionGuid = {A4D090E6-FA93-45F5-AF75-44848013B2A2}
	EndGlobalSection
EndGlobal
