
Microsoft Visual Studio Solution File, Format Version 12.00
# Visual Studio Version 16
VisualStudioVersion = 16.0.29613.14
MinimumVisualStudioVersion = 10.0.40219.1
Project("{FAE04EC0-301F-11D3-BF4B-00C04F79EFBC}") = "2FromLeftToTheRight", "2FromLeftToTheRight\2FromLeftToTheRight.csproj", "{5CA89C10-E7D0-4C0C-9460-50AAD7E79F9B}"
EndProject
Global
	GlobalSection(SolutionConfigurationPlatforms) = preSolution
		Debug|Any CPU = Debug|Any CPU
		Release|Any CPU = Release|Any CPU
	EndGlobalSection
	GlobalSection(ProjectConfigurationPlatforms) = postSolution
		{5CA89C10-E7D0-4C0C-9460-50AAD7E79F9B}.Debug|Any CPU.ActiveCfg = Debug|Any CPU
		{5CA89C10-E7D0-4C0C-9460-50AAD7E79F9B}.Debug|Any CPU.Build.0 = Debug|Any CPU
		{5CA89C10-E7D0-4C0C-9460-50AAD7E79F9B}.Release|Any CPU.ActiveCfg = Release|Any CPU
		{5CA89C10-E7D0-4C0C-9460-50AAD7E79F9B}.Release|Any CPU.Build.0 = Release|Any CPU
	EndGlobalSection
	GlobalSection(SolutionProperties) = preSolution
		HideSolutionNode = FALSE
	EndGlobalSection
	GlobalSection(ExtensibilityGlobals) = postSolution
		SolutionGuid = {7140B256-10D0-4933-80D8-368F544ADB48}
	EndGlobalSection
EndGlobal
