
Microsoft Visual Studio Solution File, Format Version 12.00
# Visual Studio Version 16
VisualStudioVersion = 16.0.29926.136
MinimumVisualStudioVersion = 10.0.40219.1
Project("{9A19103F-16F7-4668-BE54-9A1E7A4F7556}") = "CustomList", "CustomList\CustomList.csproj", "{3BE57929-3308-4CCF-BFF5-3D5DAB61A745}"
EndProject
Project("{FAE04EC0-301F-11D3-BF4B-00C04F79EFBC}") = "CustomStack", "CustomStack\CustomStack.csproj", "{410896A1-EF53-4C7A-869F-11E92B0541A3}"
EndProject
Global
	GlobalSection(SolutionConfigurationPlatforms) = preSolution
		Debug|Any CPU = Debug|Any CPU
		Release|Any CPU = Release|Any CPU
	EndGlobalSection
	GlobalSection(ProjectConfigurationPlatforms) = postSolution
		{3BE57929-3308-4CCF-BFF5-3D5DAB61A745}.Debug|Any CPU.ActiveCfg = Debug|Any CPU
		{3BE57929-3308-4CCF-BFF5-3D5DAB61A745}.Debug|Any CPU.Build.0 = Debug|Any CPU
		{3BE57929-3308-4CCF-BFF5-3D5DAB61A745}.Release|Any CPU.ActiveCfg = Release|Any CPU
		{3BE57929-3308-4CCF-BFF5-3D5DAB61A745}.Release|Any CPU.Build.0 = Release|Any CPU
		{410896A1-EF53-4C7A-869F-11E92B0541A3}.Debug|Any CPU.ActiveCfg = Debug|Any CPU
		{410896A1-EF53-4C7A-869F-11E92B0541A3}.Debug|Any CPU.Build.0 = Debug|Any CPU
		{410896A1-EF53-4C7A-869F-11E92B0541A3}.Release|Any CPU.ActiveCfg = Release|Any CPU
		{410896A1-EF53-4C7A-869F-11E92B0541A3}.Release|Any CPU.Build.0 = Release|Any CPU
	EndGlobalSection
	GlobalSection(SolutionProperties) = preSolution
		HideSolutionNode = FALSE
	EndGlobalSection
	GlobalSection(ExtensibilityGlobals) = postSolution
		SolutionGuid = {7790225B-5B8C-4A53-82CF-75EA0D763ADA}
	EndGlobalSection
EndGlobal
