
Microsoft Visual Studio Solution File, Format Version 12.00
# Visual Studio Version 16
VisualStudioVersion = 16.0.29613.14
MinimumVisualStudioVersion = 10.0.40219.1
Project("{FAE04EC0-301F-11D3-BF4B-00C04F79EFBC}") = "01DisneyLandJourney", "01DisneyLandJourney\01DisneyLandJourney.csproj", "{8D0203B1-1794-4B43-BA64-F8EE6062BBB0}"
EndProject
Project("{FAE04EC0-301F-11D3-BF4B-00C04F79EFBC}") = "02ArcheryTournament", "02ArcheryTournament\02ArcheryTournament.csproj", "{4F5A9B61-75BA-43B5-9F52-B8FA5E39108B}"
EndProject
Project("{FAE04EC0-301F-11D3-BF4B-00C04F79EFBC}") = "03SchoolLibrary", "03SchoolLibrary\03SchoolLibrary.csproj", "{C95C0FEC-B4BD-41DE-BD30-8FD2E7458A31}"
EndProject
Global
	GlobalSection(SolutionConfigurationPlatforms) = preSolution
		Debug|Any CPU = Debug|Any CPU
		Release|Any CPU = Release|Any CPU
	EndGlobalSection
	GlobalSection(ProjectConfigurationPlatforms) = postSolution
		{8D0203B1-1794-4B43-BA64-F8EE6062BBB0}.Debug|Any CPU.ActiveCfg = Debug|Any CPU
		{8D0203B1-1794-4B43-BA64-F8EE6062BBB0}.Debug|Any CPU.Build.0 = Debug|Any CPU
		{8D0203B1-1794-4B43-BA64-F8EE6062BBB0}.Release|Any CPU.ActiveCfg = Release|Any CPU
		{8D0203B1-1794-4B43-BA64-F8EE6062BBB0}.Release|Any CPU.Build.0 = Release|Any CPU
		{4F5A9B61-75BA-43B5-9F52-B8FA5E39108B}.Debug|Any CPU.ActiveCfg = Debug|Any CPU
		{4F5A9B61-75BA-43B5-9F52-B8FA5E39108B}.Debug|Any CPU.Build.0 = Debug|Any CPU
		{4F5A9B61-75BA-43B5-9F52-B8FA5E39108B}.Release|Any CPU.ActiveCfg = Release|Any CPU
		{4F5A9B61-75BA-43B5-9F52-B8FA5E39108B}.Release|Any CPU.Build.0 = Release|Any CPU
		{C95C0FEC-B4BD-41DE-BD30-8FD2E7458A31}.Debug|Any CPU.ActiveCfg = Debug|Any CPU
		{C95C0FEC-B4BD-41DE-BD30-8FD2E7458A31}.Debug|Any CPU.Build.0 = Debug|Any CPU
		{C95C0FEC-B4BD-41DE-BD30-8FD2E7458A31}.Release|Any CPU.ActiveCfg = Release|Any CPU
		{C95C0FEC-B4BD-41DE-BD30-8FD2E7458A31}.Release|Any CPU.Build.0 = Release|Any CPU
	EndGlobalSection
	GlobalSection(SolutionProperties) = preSolution
		HideSolutionNode = FALSE
	EndGlobalSection
	GlobalSection(ExtensibilityGlobals) = postSolution
		SolutionGuid = {75839A6E-B354-463E-BDF2-3B9CB0D400D5}
	EndGlobalSection
EndGlobal
