
Microsoft Visual Studio Solution File, Format Version 12.00
# Visual Studio Version 16
VisualStudioVersion = 16.0.29613.14
MinimumVisualStudioVersion = 10.0.40219.1
Project("{FAE04EC0-301F-11D3-BF4B-00C04F79EFBC}") = "2PascalTriangle", "2PascalTriangle\2PascalTriangle.csproj", "{8E369D9A-BBE9-4C6A-8B57-990DE4E625A5}"
EndProject
Global
	GlobalSection(SolutionConfigurationPlatforms) = preSolution
		Debug|Any CPU = Debug|Any CPU
		Release|Any CPU = Release|Any CPU
	EndGlobalSection
	GlobalSection(ProjectConfigurationPlatforms) = postSolution
		{8E369D9A-BBE9-4C6A-8B57-990DE4E625A5}.Debug|Any CPU.ActiveCfg = Debug|Any CPU
		{8E369D9A-BBE9-4C6A-8B57-990DE4E625A5}.Debug|Any CPU.Build.0 = Debug|Any CPU
		{8E369D9A-BBE9-4C6A-8B57-990DE4E625A5}.Release|Any CPU.ActiveCfg = Release|Any CPU
		{8E369D9A-BBE9-4C6A-8B57-990DE4E625A5}.Release|Any CPU.Build.0 = Release|Any CPU
	EndGlobalSection
	GlobalSection(SolutionProperties) = preSolution
		HideSolutionNode = FALSE
	EndGlobalSection
	GlobalSection(ExtensibilityGlobals) = postSolution
		SolutionGuid = {222DB544-9FEB-4627-B9ED-69FD798FF0FC}
	EndGlobalSection
EndGlobal
