
Microsoft Visual Studio Solution File, Format Version 12.00
# Visual Studio Version 16
VisualStudioVersion = 16.0.29613.14
MinimumVisualStudioVersion = 10.0.40219.1
Project("{FAE04EC0-301F-11D3-BF4B-00C04F79EFBC}") = "HospitalDatabase", "HospitalDatabase\HospitalDatabase.csproj", "{6EC82A72-5AD9-4AB1-AC92-54D44CCF1BE1}"
EndProject
Global
	GlobalSection(SolutionConfigurationPlatforms) = preSolution
		Debug|Any CPU = Debug|Any CPU
		Release|Any CPU = Release|Any CPU
	EndGlobalSection
	GlobalSection(ProjectConfigurationPlatforms) = postSolution
		{6EC82A72-5AD9-4AB1-AC92-54D44CCF1BE1}.Debug|Any CPU.ActiveCfg = Debug|Any CPU
		{6EC82A72-5AD9-4AB1-AC92-54D44CCF1BE1}.Debug|Any CPU.Build.0 = Debug|Any CPU
		{6EC82A72-5AD9-4AB1-AC92-54D44CCF1BE1}.Release|Any CPU.ActiveCfg = Release|Any CPU
		{6EC82A72-5AD9-4AB1-AC92-54D44CCF1BE1}.Release|Any CPU.Build.0 = Release|Any CPU
	EndGlobalSection
	GlobalSection(SolutionProperties) = preSolution
		HideSolutionNode = FALSE
	EndGlobalSection
	GlobalSection(ExtensibilityGlobals) = postSolution
		SolutionGuid = {B45E2192-47DF-4797-B3E8-5C1C1F250422}
	EndGlobalSection
EndGlobal
