
Microsoft Visual Studio Solution File, Format Version 12.00
# Visual Studio Version 16
VisualStudioVersion = 16.0.30204.135
MinimumVisualStudioVersion = 10.0.40219.1
Project("{9A19103F-16F7-4668-BE54-9A1E7A4F7556}") = "clubParty", "clubParty\clubParty.csproj", "{AB1BC41D-F387-4986-8A7D-F7F2096D44AB}"
EndProject
Project("{9A19103F-16F7-4668-BE54-9A1E7A4F7556}") = "tronRacer", "tronRacer\tronRacer.csproj", "{1EB3EB26-D4DE-4A61-9708-A7A1BB82B2ED}"
EndProject
Project("{9A19103F-16F7-4668-BE54-9A1E7A4F7556}") = "Heroes", "heroes\Heroes.csproj", "{9D2B0B09-7565-4CDB-87C2-4DDB15E5175F}"
EndProject
Global
	GlobalSection(SolutionConfigurationPlatforms) = preSolution
		Debug|Any CPU = Debug|Any CPU
		Release|Any CPU = Release|Any CPU
	EndGlobalSection
	GlobalSection(ProjectConfigurationPlatforms) = postSolution
		{AB1BC41D-F387-4986-8A7D-F7F2096D44AB}.Debug|Any CPU.ActiveCfg = Debug|Any CPU
		{AB1BC41D-F387-4986-8A7D-F7F2096D44AB}.Debug|Any CPU.Build.0 = Debug|Any CPU
		{AB1BC41D-F387-4986-8A7D-F7F2096D44AB}.Release|Any CPU.ActiveCfg = Release|Any CPU
		{AB1BC41D-F387-4986-8A7D-F7F2096D44AB}.Release|Any CPU.Build.0 = Release|Any CPU
		{1EB3EB26-D4DE-4A61-9708-A7A1BB82B2ED}.Debug|Any CPU.ActiveCfg = Debug|Any CPU
		{1EB3EB26-D4DE-4A61-9708-A7A1BB82B2ED}.Debug|Any CPU.Build.0 = Debug|Any CPU
		{1EB3EB26-D4DE-4A61-9708-A7A1BB82B2ED}.Release|Any CPU.ActiveCfg = Release|Any CPU
		{1EB3EB26-D4DE-4A61-9708-A7A1BB82B2ED}.Release|Any CPU.Build.0 = Release|Any CPU
		{9D2B0B09-7565-4CDB-87C2-4DDB15E5175F}.Debug|Any CPU.ActiveCfg = Debug|Any CPU
		{9D2B0B09-7565-4CDB-87C2-4DDB15E5175F}.Debug|Any CPU.Build.0 = Debug|Any CPU
		{9D2B0B09-7565-4CDB-87C2-4DDB15E5175F}.Release|Any CPU.ActiveCfg = Release|Any CPU
		{9D2B0B09-7565-4CDB-87C2-4DDB15E5175F}.Release|Any CPU.Build.0 = Release|Any CPU
	EndGlobalSection
	GlobalSection(SolutionProperties) = preSolution
		HideSolutionNode = FALSE
	EndGlobalSection
	GlobalSection(ExtensibilityGlobals) = postSolution
		SolutionGuid = {4552FAD6-EAAC-408E-95E9-659C0FCCCDB1}
	EndGlobalSection
EndGlobal
