
Microsoft Visual Studio Solution File, Format Version 12.00
# Visual Studio Version 16
VisualStudioVersion = 16.0.29613.14
MinimumVisualStudioVersion = 10.0.40219.1
Project("{FAE04EC0-301F-11D3-BF4B-00C04F79EFBC}") = "10LadyBugs", "10LadyBugs\10LadyBugs.csproj", "{2D226EBC-22D8-4297-A218-6C978E4BE8BB}"
EndProject
Global
	GlobalSection(SolutionConfigurationPlatforms) = preSolution
		Debug|Any CPU = Debug|Any CPU
		Release|Any CPU = Release|Any CPU
	EndGlobalSection
	GlobalSection(ProjectConfigurationPlatforms) = postSolution
		{2D226EBC-22D8-4297-A218-6C978E4BE8BB}.Debug|Any CPU.ActiveCfg = Debug|Any CPU
		{2D226EBC-22D8-4297-A218-6C978E4BE8BB}.Debug|Any CPU.Build.0 = Debug|Any CPU
		{2D226EBC-22D8-4297-A218-6C978E4BE8BB}.Release|Any CPU.ActiveCfg = Release|Any CPU
		{2D226EBC-22D8-4297-A218-6C978E4BE8BB}.Release|Any CPU.Build.0 = Release|Any CPU
	EndGlobalSection
	GlobalSection(SolutionProperties) = preSolution
		HideSolutionNode = FALSE
	EndGlobalSection
	GlobalSection(ExtensibilityGlobals) = postSolution
		SolutionGuid = {DB010993-C303-482C-80E2-9FE5D41C236C}
	EndGlobalSection
EndGlobal
