
Microsoft Visual Studio Solution File, Format Version 12.00
# Visual Studio Version 16
VisualStudioVersion = 16.0.29613.14
MinimumVisualStudioVersion = 10.0.40219.1
Project("{FAE04EC0-301F-11D3-BF4B-00C04F79EFBC}") = "10PokeMon", "10PokeMon\10PokeMon.csproj", "{73D7976B-597D-4E08-A3C0-1DEB2EFA947D}"
EndProject
Global
	GlobalSection(SolutionConfigurationPlatforms) = preSolution
		Debug|Any CPU = Debug|Any CPU
		Release|Any CPU = Release|Any CPU
	EndGlobalSection
	GlobalSection(ProjectConfigurationPlatforms) = postSolution
		{73D7976B-597D-4E08-A3C0-1DEB2EFA947D}.Debug|Any CPU.ActiveCfg = Debug|Any CPU
		{73D7976B-597D-4E08-A3C0-1DEB2EFA947D}.Debug|Any CPU.Build.0 = Debug|Any CPU
		{73D7976B-597D-4E08-A3C0-1DEB2EFA947D}.Release|Any CPU.ActiveCfg = Release|Any CPU
		{73D7976B-597D-4E08-A3C0-1DEB2EFA947D}.Release|Any CPU.Build.0 = Release|Any CPU
	EndGlobalSection
	GlobalSection(SolutionProperties) = preSolution
		HideSolutionNode = FALSE
	EndGlobalSection
	GlobalSection(ExtensibilityGlobals) = postSolution
		SolutionGuid = {1DF103F7-8683-4BAF-975D-4F7D28D66205}
	EndGlobalSection
EndGlobal
