
Microsoft Visual Studio Solution File, Format Version 12.00
# Visual Studio Version 16
VisualStudioVersion = 16.0.29613.14
MinimumVisualStudioVersion = 10.0.40219.1
Project("{FAE04EC0-301F-11D3-BF4B-00C04F79EFBC}") = "11MultiplicationTable2", "11MultiplicationTable2\11MultiplicationTable2.csproj", "{F4FC93DA-57D1-44EE-9173-AC58D060C47B}"
EndProject
Global
	GlobalSection(SolutionConfigurationPlatforms) = preSolution
		Debug|Any CPU = Debug|Any CPU
		Release|Any CPU = Release|Any CPU
	EndGlobalSection
	GlobalSection(ProjectConfigurationPlatforms) = postSolution
		{F4FC93DA-57D1-44EE-9173-AC58D060C47B}.Debug|Any CPU.ActiveCfg = Debug|Any CPU
		{F4FC93DA-57D1-44EE-9173-AC58D060C47B}.Debug|Any CPU.Build.0 = Debug|Any CPU
		{F4FC93DA-57D1-44EE-9173-AC58D060C47B}.Release|Any CPU.ActiveCfg = Release|Any CPU
		{F4FC93DA-57D1-44EE-9173-AC58D060C47B}.Release|Any CPU.Build.0 = Release|Any CPU
	EndGlobalSection
	GlobalSection(SolutionProperties) = preSolution
		HideSolutionNode = FALSE
	EndGlobalSection
	GlobalSection(ExtensibilityGlobals) = postSolution
		SolutionGuid = {CD25CD2C-7035-489A-BFD9-848B88B95743}
	EndGlobalSection
EndGlobal
