
Microsoft Visual Studio Solution File, Format Version 12.00
# Visual Studio Version 16
VisualStudioVersion = 16.0.29613.14
MinimumVisualStudioVersion = 10.0.40219.1
Project("{FAE04EC0-301F-11D3-BF4B-00C04F79EFBC}") = "03PassedOrFalied", "03PassedOrFalied\03PassedOrFalied.csproj", "{09C82EB0-1414-4139-B454-B37EDECBC4FA}"
EndProject
Global
	GlobalSection(SolutionConfigurationPlatforms) = preSolution
		Debug|Any CPU = Debug|Any CPU
		Release|Any CPU = Release|Any CPU
	EndGlobalSection
	GlobalSection(ProjectConfigurationPlatforms) = postSolution
		{09C82EB0-1414-4139-B454-B37EDECBC4FA}.Debug|Any CPU.ActiveCfg = Debug|Any CPU
		{09C82EB0-1414-4139-B454-B37EDECBC4FA}.Debug|Any CPU.Build.0 = Debug|Any CPU
		{09C82EB0-1414-4139-B454-B37EDECBC4FA}.Release|Any CPU.ActiveCfg = Release|Any CPU
		{09C82EB0-1414-4139-B454-B37EDECBC4FA}.Release|Any CPU.Build.0 = Release|Any CPU
	EndGlobalSection
	GlobalSection(SolutionProperties) = preSolution
		HideSolutionNode = FALSE
	EndGlobalSection
	GlobalSection(ExtensibilityGlobals) = postSolution
		SolutionGuid = {9459FBF2-89ED-4019-9151-CE87E1F5FB2B}
	EndGlobalSection
EndGlobal
