
Microsoft Visual Studio Solution File, Format Version 12.00
# Visual Studio Version 16
VisualStudioVersion = 16.0.29613.14
MinimumVisualStudioVersion = 10.0.40219.1
Project("{FAE04EC0-301F-11D3-BF4B-00C04F79EFBC}") = "1. StudentInformation", "1. StudentInformation\1. StudentInformation.csproj", "{AE9B818D-0832-4B76-9C13-EC6A5693D381}"
EndProject
Global
	GlobalSection(SolutionConfigurationPlatforms) = preSolution
		Debug|Any CPU = Debug|Any CPU
		Release|Any CPU = Release|Any CPU
	EndGlobalSection
	GlobalSection(ProjectConfigurationPlatforms) = postSolution
		{AE9B818D-0832-4B76-9C13-EC6A5693D381}.Debug|Any CPU.ActiveCfg = Debug|Any CPU
		{AE9B818D-0832-4B76-9C13-EC6A5693D381}.Debug|Any CPU.Build.0 = Debug|Any CPU
		{AE9B818D-0832-4B76-9C13-EC6A5693D381}.Release|Any CPU.ActiveCfg = Release|Any CPU
		{AE9B818D-0832-4B76-9C13-EC6A5693D381}.Release|Any CPU.Build.0 = Release|Any CPU
	EndGlobalSection
	GlobalSection(SolutionProperties) = preSolution
		HideSolutionNode = FALSE
	EndGlobalSection
	GlobalSection(ExtensibilityGlobals) = postSolution
		SolutionGuid = {76D3CE58-5EF6-4F97-9D77-24896A15E0A8}
	EndGlobalSection
EndGlobal
