
Microsoft Visual Studio Solution File, Format Version 12.00
# Visual Studio Version 16
VisualStudioVersion = 16.0.29613.14
MinimumVisualStudioVersion = 10.0.40219.1
Project("{9A19103F-16F7-4668-BE54-9A1E7A4F7556}") = "01Train", "01Train\01Train.csproj", "{223B1E64-0135-4E86-9523-ED30B1C5C0DA}"
EndProject
Project("{9A19103F-16F7-4668-BE54-9A1E7A4F7556}") = "02ChangeList", "02ChangeList\02ChangeList.csproj", "{73E2E4CA-E141-4F3F-8191-3DC382754CA7}"
EndProject
Project("{9A19103F-16F7-4668-BE54-9A1E7A4F7556}") = "03HouseParty", "03HouseParty\03HouseParty.csproj", "{9E13ADC4-C67E-4C30-B1F0-61DA5E75B324}"
EndProject
Project("{9A19103F-16F7-4668-BE54-9A1E7A4F7556}") = "04ListOperations", "04ListOperations\04ListOperations.csproj", "{01AD599C-033E-4584-AC0C-0F5EFE025036}"
EndProject
Project("{9A19103F-16F7-4668-BE54-9A1E7A4F7556}") = "05BombNumbers", "05BombNumbers\05BombNumbers.csproj", "{CD65117E-93EB-4B91-9BB4-A867E17DC0AE}"
EndProject
Project("{9A19103F-16F7-4668-BE54-9A1E7A4F7556}") = "06CardsGame", "06CardsGame\06CardsGame.csproj", "{B07209F9-7E29-4B79-9CA1-E8E7F0EA1A44}"
EndProject
Project("{9A19103F-16F7-4668-BE54-9A1E7A4F7556}") = "07AppendArrays", "07AppendArrays\07AppendArrays.csproj", "{9CCB3FE7-C667-4843-A956-09FDF565103B}"
EndProject
Project("{9A19103F-16F7-4668-BE54-9A1E7A4F7556}") = "08AnonymousThreat", "08AnonymousThreat\08AnonymousThreat.csproj", "{ED8D010E-A5EA-4EE7-BBDC-60901F15EBEA}"
EndProject
Project("{9A19103F-16F7-4668-BE54-9A1E7A4F7556}") = "09PokemonDontGo", "09PokemonDontGo\09PokemonDontGo.csproj", "{9873DC4B-04AD-46F1-8A3B-4C0B95755E52}"
EndProject
Project("{FAE04EC0-301F-11D3-BF4B-00C04F79EFBC}") = "10SoftUniCoursePlaning", "10SoftUniCoursePlaning\10SoftUniCoursePlaning.csproj", "{A5987F76-1426-427F-8462-4178D25FF502}"
EndProject
Global
	GlobalSection(SolutionConfigurationPlatforms) = preSolution
		Debug|Any CPU = Debug|Any CPU
		Release|Any CPU = Release|Any CPU
	EndGlobalSection
	GlobalSection(ProjectConfigurationPlatforms) = postSolution
		{223B1E64-0135-4E86-9523-ED30B1C5C0DA}.Debug|Any CPU.ActiveCfg = Debug|Any CPU
		{223B1E64-0135-4E86-9523-ED30B1C5C0DA}.Debug|Any CPU.Build.0 = Debug|Any CPU
		{223B1E64-0135-4E86-9523-ED30B1C5C0DA}.Release|Any CPU.ActiveCfg = Release|Any CPU
		{223B1E64-0135-4E86-9523-ED30B1C5C0DA}.Release|Any CPU.Build.0 = Release|Any CPU
		{73E2E4CA-E141-4F3F-8191-3DC382754CA7}.Debug|Any CPU.ActiveCfg = Debug|Any CPU
		{73E2E4CA-E141-4F3F-8191-3DC382754CA7}.Debug|Any CPU.Build.0 = Debug|Any CPU
		{73E2E4CA-E141-4F3F-8191-3DC382754CA7}.Release|Any CPU.ActiveCfg = Release|Any CPU
		{73E2E4CA-E141-4F3F-8191-3DC382754CA7}.Release|Any CPU.Build.0 = Release|Any CPU
		{9E13ADC4-C67E-4C30-B1F0-61DA5E75B324}.Debug|Any CPU.ActiveCfg = Debug|Any CPU
		{9E13ADC4-C67E-4C30-B1F0-61DA5E75B324}.Debug|Any CPU.Build.0 = Debug|Any CPU
		{9E13ADC4-C67E-4C30-B1F0-61DA5E75B324}.Release|Any CPU.ActiveCfg = Release|Any CPU
		{9E13ADC4-C67E-4C30-B1F0-61DA5E75B324}.Release|Any CPU.Build.0 = Release|Any CPU
		{01AD599C-033E-4584-AC0C-0F5EFE025036}.Debug|Any CPU.ActiveCfg = Debug|Any CPU
		{01AD599C-033E-4584-AC0C-0F5EFE025036}.Debug|Any CPU.Build.0 = Debug|Any CPU
		{01AD599C-033E-4584-AC0C-0F5EFE025036}.Release|Any CPU.ActiveCfg = Release|Any CPU
		{01AD599C-033E-4584-AC0C-0F5EFE025036}.Release|Any CPU.Build.0 = Release|Any CPU
		{CD65117E-93EB-4B91-9BB4-A867E17DC0AE}.Debug|Any CPU.ActiveCfg = Debug|Any CPU
		{CD65117E-93EB-4B91-9BB4-A867E17DC0AE}.Debug|Any CPU.Build.0 = Debug|Any CPU
		{CD65117E-93EB-4B91-9BB4-A867E17DC0AE}.Release|Any CPU.ActiveCfg = Release|Any CPU
		{CD65117E-93EB-4B91-9BB4-A867E17DC0AE}.Release|Any CPU.Build.0 = Release|Any CPU
		{B07209F9-7E29-4B79-9CA1-E8E7F0EA1A44}.Debug|Any CPU.ActiveCfg = Debug|Any CPU
		{B07209F9-7E29-4B79-9CA1-E8E7F0EA1A44}.Debug|Any CPU.Build.0 = Debug|Any CPU
		{B07209F9-7E29-4B79-9CA1-E8E7F0EA1A44}.Release|Any CPU.ActiveCfg = Release|Any CPU
		{B07209F9-7E29-4B79-9CA1-E8E7F0EA1A44}.Release|Any CPU.Build.0 = Release|Any CPU
		{9CCB3FE7-C667-4843-A956-09FDF565103B}.Debug|Any CPU.ActiveCfg = Debug|Any CPU
		{9CCB3FE7-C667-4843-A956-09FDF565103B}.Debug|Any CPU.Build.0 = Debug|Any CPU
		{9CCB3FE7-C667-4843-A956-09FDF565103B}.Release|Any CPU.ActiveCfg = Release|Any CPU
		{9CCB3FE7-C667-4843-A956-09FDF565103B}.Release|Any CPU.Build.0 = Release|Any CPU
		{ED8D010E-A5EA-4EE7-BBDC-60901F15EBEA}.Debug|Any CPU.ActiveCfg = Debug|Any CPU
		{ED8D010E-A5EA-4EE7-BBDC-60901F15EBEA}.Debug|Any CPU.Build.0 = Debug|Any CPU
		{ED8D010E-A5EA-4EE7-BBDC-60901F15EBEA}.Release|Any CPU.ActiveCfg = Release|Any CPU
		{ED8D010E-A5EA-4EE7-BBDC-60901F15EBEA}.Release|Any CPU.Build.0 = Release|Any CPU
		{9873DC4B-04AD-46F1-8A3B-4C0B95755E52}.Debug|Any CPU.ActiveCfg = Debug|Any CPU
		{9873DC4B-04AD-46F1-8A3B-4C0B95755E52}.Debug|Any CPU.Build.0 = Debug|Any CPU
		{9873DC4B-04AD-46F1-8A3B-4C0B95755E52}.Release|Any CPU.ActiveCfg = Release|Any CPU
		{9873DC4B-04AD-46F1-8A3B-4C0B95755E52}.Release|Any CPU.Build.0 = Release|Any CPU
		{A5987F76-1426-427F-8462-4178D25FF502}.Debug|Any CPU.ActiveCfg = Debug|Any CPU
		{A5987F76-1426-427F-8462-4178D25FF502}.Debug|Any CPU.Build.0 = Debug|Any CPU
		{A5987F76-1426-427F-8462-4178D25FF502}.Release|Any CPU.ActiveCfg = Release|Any CPU
		{A5987F76-1426-427F-8462-4178D25FF502}.Release|Any CPU.Build.0 = Release|Any CPU
	EndGlobalSection
	GlobalSection(SolutionProperties) = preSolution
		HideSolutionNode = FALSE
	EndGlobalSection
	GlobalSection(ExtensibilityGlobals) = postSolution
		SolutionGuid = {70A249CE-0EAE-4611-988D-901092D126FE}
	EndGlobalSection
EndGlobal
