
Microsoft Visual Studio Solution File, Format Version 12.00
# Visual Studio Version 16
VisualStudioVersion = 16.0.29613.14
MinimumVisualStudioVersion = 10.0.40219.1
Project("{FAE04EC0-301F-11D3-BF4B-00C04F79EFBC}") = "10MultiplyEvensByOdds", "10MultiplyEvensByOdds\10MultiplyEvensByOdds.csproj", "{4D703E34-FA1A-4219-80B1-5BE1A6C4C154}"
EndProject
Global
	GlobalSection(SolutionConfigurationPlatforms) = preSolution
		Debug|Any CPU = Debug|Any CPU
		Release|Any CPU = Release|Any CPU
	EndGlobalSection
	GlobalSection(ProjectConfigurationPlatforms) = postSolution
		{4D703E34-FA1A-4219-80B1-5BE1A6C4C154}.Debug|Any CPU.ActiveCfg = Debug|Any CPU
		{4D703E34-FA1A-4219-80B1-5BE1A6C4C154}.Debug|Any CPU.Build.0 = Debug|Any CPU
		{4D703E34-FA1A-4219-80B1-5BE1A6C4C154}.Release|Any CPU.ActiveCfg = Release|Any CPU
		{4D703E34-FA1A-4219-80B1-5BE1A6C4C154}.Release|Any CPU.Build.0 = Release|Any CPU
	EndGlobalSection
	GlobalSection(SolutionProperties) = preSolution
		HideSolutionNode = FALSE
	EndGlobalSection
	GlobalSection(ExtensibilityGlobals) = postSolution
		SolutionGuid = {F9F2D833-D1DD-42A0-84AC-2ACEC8548C68}
	EndGlobalSection
EndGlobal
