
Microsoft Visual Studio Solution File, Format Version 12.00
# Visual Studio Version 16
VisualStudioVersion = 16.0.29613.14
MinimumVisualStudioVersion = 10.0.40219.1
Project("{9A19103F-16F7-4668-BE54-9A1E7A4F7556}") = "01AdvertisementMessage", "01AdvertisementMessage\01AdvertisementMessage.csproj", "{406652CD-4C98-4D1C-B1D5-6BC2C4785A49}"
EndProject
Project("{9A19103F-16F7-4668-BE54-9A1E7A4F7556}") = "02Articles", "02Articles\02Articles.csproj", "{9DF3545C-2FD0-4CE2-A361-D15B9E1FD584}"
EndProject
Project("{9A19103F-16F7-4668-BE54-9A1E7A4F7556}") = "03Article 2.0", "03Article 2.0\03Article 2.0.csproj", "{C4A87F8C-6556-450B-8B6D-C3003AAAD684}"
EndProject
Project("{9A19103F-16F7-4668-BE54-9A1E7A4F7556}") = "04Students", "04Students\04Students.csproj", "{5B8F59F1-049D-4607-B3D4-50DCB0B41A41}"
EndProject
Project("{FAE04EC0-301F-11D3-BF4B-00C04F79EFBC}") = "05TeamworkProjects", "05TeamworkProjects\05TeamworkProjects.csproj", "{06AD8D6E-AE70-4C6F-91FD-B0EE21FC4A36}"
EndProject
Project("{FAE04EC0-301F-11D3-BF4B-00C04F79EFBC}") = "06VihicleCatalogue", "06VihicleCatalogue\06VihicleCatalogue.csproj", "{01F96A96-6722-4F59-86FE-103AF6846A74}"
EndProject
Project("{FAE04EC0-301F-11D3-BF4B-00C04F79EFBC}") = "07OrderByAge", "07OrderByAge\07OrderByAge.csproj", "{DF6D233A-E9EE-4063-852F-BFEFE5DEF61D}"
EndProject
Global
	GlobalSection(SolutionConfigurationPlatforms) = preSolution
		Debug|Any CPU = Debug|Any CPU
		Release|Any CPU = Release|Any CPU
	EndGlobalSection
	GlobalSection(ProjectConfigurationPlatforms) = postSolution
		{406652CD-4C98-4D1C-B1D5-6BC2C4785A49}.Debug|Any CPU.ActiveCfg = Debug|Any CPU
		{406652CD-4C98-4D1C-B1D5-6BC2C4785A49}.Debug|Any CPU.Build.0 = Debug|Any CPU
		{406652CD-4C98-4D1C-B1D5-6BC2C4785A49}.Release|Any CPU.ActiveCfg = Release|Any CPU
		{406652CD-4C98-4D1C-B1D5-6BC2C4785A49}.Release|Any CPU.Build.0 = Release|Any CPU
		{9DF3545C-2FD0-4CE2-A361-D15B9E1FD584}.Debug|Any CPU.ActiveCfg = Debug|Any CPU
		{9DF3545C-2FD0-4CE2-A361-D15B9E1FD584}.Debug|Any CPU.Build.0 = Debug|Any CPU
		{9DF3545C-2FD0-4CE2-A361-D15B9E1FD584}.Release|Any CPU.ActiveCfg = Release|Any CPU
		{9DF3545C-2FD0-4CE2-A361-D15B9E1FD584}.Release|Any CPU.Build.0 = Release|Any CPU
		{C4A87F8C-6556-450B-8B6D-C3003AAAD684}.Debug|Any CPU.ActiveCfg = Debug|Any CPU
		{C4A87F8C-6556-450B-8B6D-C3003AAAD684}.Debug|Any CPU.Build.0 = Debug|Any CPU
		{C4A87F8C-6556-450B-8B6D-C3003AAAD684}.Release|Any CPU.ActiveCfg = Release|Any CPU
		{C4A87F8C-6556-450B-8B6D-C3003AAAD684}.Release|Any CPU.Build.0 = Release|Any CPU
		{5B8F59F1-049D-4607-B3D4-50DCB0B41A41}.Debug|Any CPU.ActiveCfg = Debug|Any CPU
		{5B8F59F1-049D-4607-B3D4-50DCB0B41A41}.Debug|Any CPU.Build.0 = Debug|Any CPU
		{5B8F59F1-049D-4607-B3D4-50DCB0B41A41}.Release|Any CPU.ActiveCfg = Release|Any CPU
		{5B8F59F1-049D-4607-B3D4-50DCB0B41A41}.Release|Any CPU.Build.0 = Release|Any CPU
		{06AD8D6E-AE70-4C6F-91FD-B0EE21FC4A36}.Debug|Any CPU.ActiveCfg = Debug|Any CPU
		{06AD8D6E-AE70-4C6F-91FD-B0EE21FC4A36}.Debug|Any CPU.Build.0 = Debug|Any CPU
		{06AD8D6E-AE70-4C6F-91FD-B0EE21FC4A36}.Release|Any CPU.ActiveCfg = Release|Any CPU
		{06AD8D6E-AE70-4C6F-91FD-B0EE21FC4A36}.Release|Any CPU.Build.0 = Release|Any CPU
		{01F96A96-6722-4F59-86FE-103AF6846A74}.Debug|Any CPU.ActiveCfg = Debug|Any CPU
		{01F96A96-6722-4F59-86FE-103AF6846A74}.Debug|Any CPU.Build.0 = Debug|Any CPU
		{01F96A96-6722-4F59-86FE-103AF6846A74}.Release|Any CPU.ActiveCfg = Release|Any CPU
		{01F96A96-6722-4F59-86FE-103AF6846A74}.Release|Any CPU.Build.0 = Release|Any CPU
		{DF6D233A-E9EE-4063-852F-BFEFE5DEF61D}.Debug|Any CPU.ActiveCfg = Debug|Any CPU
		{DF6D233A-E9EE-4063-852F-BFEFE5DEF61D}.Debug|Any CPU.Build.0 = Debug|Any CPU
		{DF6D233A-E9EE-4063-852F-BFEFE5DEF61D}.Release|Any CPU.ActiveCfg = Release|Any CPU
		{DF6D233A-E9EE-4063-852F-BFEFE5DEF61D}.Release|Any CPU.Build.0 = Release|Any CPU
	EndGlobalSection
	GlobalSection(SolutionProperties) = preSolution
		HideSolutionNode = FALSE
	EndGlobalSection
	GlobalSection(ExtensibilityGlobals) = postSolution
		SolutionGuid = {70110392-8B1A-4F36-AD30-EF590484D245}
	EndGlobalSection
EndGlobal
