
Microsoft Visual Studio Solution File, Format Version 12.00
# Visual Studio Version 16
VisualStudioVersion = 16.0.29613.14
MinimumVisualStudioVersion = 10.0.40219.1
Project("{9A19103F-16F7-4668-BE54-9A1E7A4F7556}") = "01CountCharsInAString", "01CountCharsInAString\01CountCharsInAString.csproj", "{C035F6A5-D115-4FF8-8CA9-AA5C842292CE}"
EndProject
Project("{9A19103F-16F7-4668-BE54-9A1E7A4F7556}") = "02AMinerTask", "02AMinerTask\02AMinerTask.csproj", "{F793BFF7-3424-4A59-BBE6-C1C4976C0B38}"
EndProject
Project("{9A19103F-16F7-4668-BE54-9A1E7A4F7556}") = "03LegendaryFarming", "03LegendaryFarming\03LegendaryFarming.csproj", "{5B0D875B-D171-4837-AEA5-FE2166D0B37B}"
EndProject
Project("{9A19103F-16F7-4668-BE54-9A1E7A4F7556}") = "04Orders", "04Orders\04Orders.csproj", "{DDCFD56E-6FB3-447F-9C67-100F4F672CC6}"
EndProject
Project("{9A19103F-16F7-4668-BE54-9A1E7A4F7556}") = "05SoftUniParking", "05SoftUniParking\05SoftUniParking.csproj", "{7A424279-2A20-4D3E-B0A2-B4D6C192D59A}"
EndProject
Project("{9A19103F-16F7-4668-BE54-9A1E7A4F7556}") = "06Courses", "06Courses\06Courses.csproj", "{B4DB2765-6816-4241-B881-C6BE93EE3513}"
EndProject
Project("{FAE04EC0-301F-11D3-BF4B-00C04F79EFBC}") = "07StudentAcademy", "07StudentAcademy\07StudentAcademy.csproj", "{BED3D36A-F3CD-469F-B7A9-CCEF3626C2FA}"
EndProject
Project("{FAE04EC0-301F-11D3-BF4B-00C04F79EFBC}") = "08CompanyUsers", "08CompanyUsers\08CompanyUsers.csproj", "{9E00D81C-049C-4C16-9ECD-47187786CF69}"
EndProject
Global
	GlobalSection(SolutionConfigurationPlatforms) = preSolution
		Debug|Any CPU = Debug|Any CPU
		Release|Any CPU = Release|Any CPU
	EndGlobalSection
	GlobalSection(ProjectConfigurationPlatforms) = postSolution
		{C035F6A5-D115-4FF8-8CA9-AA5C842292CE}.Debug|Any CPU.ActiveCfg = Debug|Any CPU
		{C035F6A5-D115-4FF8-8CA9-AA5C842292CE}.Debug|Any CPU.Build.0 = Debug|Any CPU
		{C035F6A5-D115-4FF8-8CA9-AA5C842292CE}.Release|Any CPU.ActiveCfg = Release|Any CPU
		{C035F6A5-D115-4FF8-8CA9-AA5C842292CE}.Release|Any CPU.Build.0 = Release|Any CPU
		{F793BFF7-3424-4A59-BBE6-C1C4976C0B38}.Debug|Any CPU.ActiveCfg = Debug|Any CPU
		{F793BFF7-3424-4A59-BBE6-C1C4976C0B38}.Debug|Any CPU.Build.0 = Debug|Any CPU
		{F793BFF7-3424-4A59-BBE6-C1C4976C0B38}.Release|Any CPU.ActiveCfg = Release|Any CPU
		{F793BFF7-3424-4A59-BBE6-C1C4976C0B38}.Release|Any CPU.Build.0 = Release|Any CPU
		{5B0D875B-D171-4837-AEA5-FE2166D0B37B}.Debug|Any CPU.ActiveCfg = Debug|Any CPU
		{5B0D875B-D171-4837-AEA5-FE2166D0B37B}.Debug|Any CPU.Build.0 = Debug|Any CPU
		{5B0D875B-D171-4837-AEA5-FE2166D0B37B}.Release|Any CPU.ActiveCfg = Release|Any CPU
		{5B0D875B-D171-4837-AEA5-FE2166D0B37B}.Release|Any CPU.Build.0 = Release|Any CPU
		{DDCFD56E-6FB3-447F-9C67-100F4F672CC6}.Debug|Any CPU.ActiveCfg = Debug|Any CPU
		{DDCFD56E-6FB3-447F-9C67-100F4F672CC6}.Debug|Any CPU.Build.0 = Debug|Any CPU
		{DDCFD56E-6FB3-447F-9C67-100F4F672CC6}.Release|Any CPU.ActiveCfg = Release|Any CPU
		{DDCFD56E-6FB3-447F-9C67-100F4F672CC6}.Release|Any CPU.Build.0 = Release|Any CPU
		{7A424279-2A20-4D3E-B0A2-B4D6C192D59A}.Debug|Any CPU.ActiveCfg = Debug|Any CPU
		{7A424279-2A20-4D3E-B0A2-B4D6C192D59A}.Debug|Any CPU.Build.0 = Debug|Any CPU
		{7A424279-2A20-4D3E-B0A2-B4D6C192D59A}.Release|Any CPU.ActiveCfg = Release|Any CPU
		{7A424279-2A20-4D3E-B0A2-B4D6C192D59A}.Release|Any CPU.Build.0 = Release|Any CPU
		{B4DB2765-6816-4241-B881-C6BE93EE3513}.Debug|Any CPU.ActiveCfg = Debug|Any CPU
		{B4DB2765-6816-4241-B881-C6BE93EE3513}.Debug|Any CPU.Build.0 = Debug|Any CPU
		{B4DB2765-6816-4241-B881-C6BE93EE3513}.Release|Any CPU.ActiveCfg = Release|Any CPU
		{B4DB2765-6816-4241-B881-C6BE93EE3513}.Release|Any CPU.Build.0 = Release|Any CPU
		{BED3D36A-F3CD-469F-B7A9-CCEF3626C2FA}.Debug|Any CPU.ActiveCfg = Debug|Any CPU
		{BED3D36A-F3CD-469F-B7A9-CCEF3626C2FA}.Debug|Any CPU.Build.0 = Debug|Any CPU
		{BED3D36A-F3CD-469F-B7A9-CCEF3626C2FA}.Release|Any CPU.ActiveCfg = Release|Any CPU
		{BED3D36A-F3CD-469F-B7A9-CCEF3626C2FA}.Release|Any CPU.Build.0 = Release|Any CPU
		{9E00D81C-049C-4C16-9ECD-47187786CF69}.Debug|Any CPU.ActiveCfg = Debug|Any CPU
		{9E00D81C-049C-4C16-9ECD-47187786CF69}.Debug|Any CPU.Build.0 = Debug|Any CPU
		{9E00D81C-049C-4C16-9ECD-47187786CF69}.Release|Any CPU.ActiveCfg = Release|Any CPU
		{9E00D81C-049C-4C16-9ECD-47187786CF69}.Release|Any CPU.Build.0 = Release|Any CPU
	EndGlobalSection
	GlobalSection(SolutionProperties) = preSolution
		HideSolutionNode = FALSE
	EndGlobalSection
	GlobalSection(ExtensibilityGlobals) = postSolution
		SolutionGuid = {17150727-ABE2-4224-B7FC-B6E14DF08459}
	EndGlobalSection
EndGlobal
