
Microsoft Visual Studio Solution File, Format Version 12.00
# Visual Studio Version 16
VisualStudioVersion = 16.0.29613.14
MinimumVisualStudioVersion = 10.0.40219.1
Project("{FAE04EC0-301F-11D3-BF4B-00C04F79EFBC}") = "03ExactSumOfRealNumbers", "03ExactSumOfRealNumbers\03ExactSumOfRealNumbers.csproj", "{951C7680-361B-42A7-846F-7CA8FF80954E}"
EndProject
Global
	GlobalSection(SolutionConfigurationPlatforms) = preSolution
		Debug|Any CPU = Debug|Any CPU
		Release|Any CPU = Release|Any CPU
	EndGlobalSection
	GlobalSection(ProjectConfigurationPlatforms) = postSolution
		{951C7680-361B-42A7-846F-7CA8FF80954E}.Debug|Any CPU.ActiveCfg = Debug|Any CPU
		{951C7680-361B-42A7-846F-7CA8FF80954E}.Debug|Any CPU.Build.0 = Debug|Any CPU
		{951C7680-361B-42A7-846F-7CA8FF80954E}.Release|Any CPU.ActiveCfg = Release|Any CPU
		{951C7680-361B-42A7-846F-7CA8FF80954E}.Release|Any CPU.Build.0 = Release|Any CPU
	EndGlobalSection
	GlobalSection(SolutionProperties) = preSolution
		HideSolutionNode = FALSE
	EndGlobalSection
	GlobalSection(ExtensibilityGlobals) = postSolution
		SolutionGuid = {5C23E733-EAFC-457C-9C5A-121DDE94F664}
	EndGlobalSection
EndGlobal
