
Microsoft Visual Studio Solution File, Format Version 12.00
# Visual Studio Version 16
VisualStudioVersion = 16.0.29613.14
MinimumVisualStudioVersion = 10.0.40219.1
Project("{FAE04EC0-301F-11D3-BF4B-00C04F79EFBC}") = "01CountCharsInAString", "01CountCharsInAString\01CountCharsInAString.csproj", "{17A286F3-F3ED-4FC6-9FC6-BC498546F3AB}"
EndProject
Global
	GlobalSection(SolutionConfigurationPlatforms) = preSolution
		Debug|Any CPU = Debug|Any CPU
		Release|Any CPU = Release|Any CPU
	EndGlobalSection
	GlobalSection(ProjectConfigurationPlatforms) = postSolution
		{17A286F3-F3ED-4FC6-9FC6-BC498546F3AB}.Debug|Any CPU.ActiveCfg = Debug|Any CPU
		{17A286F3-F3ED-4FC6-9FC6-BC498546F3AB}.Debug|Any CPU.Build.0 = Debug|Any CPU
		{17A286F3-F3ED-4FC6-9FC6-BC498546F3AB}.Release|Any CPU.ActiveCfg = Release|Any CPU
		{17A286F3-F3ED-4FC6-9FC6-BC498546F3AB}.Release|Any CPU.Build.0 = Release|Any CPU
	EndGlobalSection
	GlobalSection(SolutionProperties) = preSolution
		HideSolutionNode = FALSE
	EndGlobalSection
	GlobalSection(ExtensibilityGlobals) = postSolution
		SolutionGuid = {EF9A2011-E678-4F17-9A05-2975DB921B75}
	EndGlobalSection
EndGlobal
