
Microsoft Visual Studio Solution File, Format Version 12.00
# Visual Studio Version 16
VisualStudioVersion = 16.0.29613.14
MinimumVisualStudioVersion = 10.0.40219.1
Project("{FAE04EC0-301F-11D3-BF4B-00C04F79EFBC}") = "07WaterOverflow", "07WaterOverflow\07WaterOverflow.csproj", "{03A13158-97B2-4AE3-85A3-67855E31010F}"
EndProject
Global
	GlobalSection(SolutionConfigurationPlatforms) = preSolution
		Debug|Any CPU = Debug|Any CPU
		Release|Any CPU = Release|Any CPU
	EndGlobalSection
	GlobalSection(ProjectConfigurationPlatforms) = postSolution
		{03A13158-97B2-4AE3-85A3-67855E31010F}.Debug|Any CPU.ActiveCfg = Debug|Any CPU
		{03A13158-97B2-4AE3-85A3-67855E31010F}.Debug|Any CPU.Build.0 = Debug|Any CPU
		{03A13158-97B2-4AE3-85A3-67855E31010F}.Release|Any CPU.ActiveCfg = Release|Any CPU
		{03A13158-97B2-4AE3-85A3-67855E31010F}.Release|Any CPU.Build.0 = Release|Any CPU
	EndGlobalSection
	GlobalSection(SolutionProperties) = preSolution
		HideSolutionNode = FALSE
	EndGlobalSection
	GlobalSection(ExtensibilityGlobals) = postSolution
		SolutionGuid = {02601C4B-AD7D-496D-A623-4211996F1066}
	EndGlobalSection
EndGlobal
