
Microsoft Visual Studio Solution File, Format Version 12.00
# Visual Studio Version 16
VisualStudioVersion = 16.0.29613.14
MinimumVisualStudioVersion = 10.0.40219.1
Project("{FAE04EC0-301F-11D3-BF4B-00C04F79EFBC}") = "09SumOfOddNumbers", "09SumOfOddNumbers\09SumOfOddNumbers.csproj", "{B3FFA11B-A748-4F8C-B3C1-32940E9FCFD7}"
EndProject
Global
	GlobalSection(SolutionConfigurationPlatforms) = preSolution
		Debug|Any CPU = Debug|Any CPU
		Release|Any CPU = Release|Any CPU
	EndGlobalSection
	GlobalSection(ProjectConfigurationPlatforms) = postSolution
		{B3FFA11B-A748-4F8C-B3C1-32940E9FCFD7}.Debug|Any CPU.ActiveCfg = Debug|Any CPU
		{B3FFA11B-A748-4F8C-B3C1-32940E9FCFD7}.Debug|Any CPU.Build.0 = Debug|Any CPU
		{B3FFA11B-A748-4F8C-B3C1-32940E9FCFD7}.Release|Any CPU.ActiveCfg = Release|Any CPU
		{B3FFA11B-A748-4F8C-B3C1-32940E9FCFD7}.Release|Any CPU.Build.0 = Release|Any CPU
	EndGlobalSection
	GlobalSection(SolutionProperties) = preSolution
		HideSolutionNode = FALSE
	EndGlobalSection
	GlobalSection(ExtensibilityGlobals) = postSolution
		SolutionGuid = {55330A27-4E31-469C-8328-92C690620581}
	EndGlobalSection
EndGlobal
