
Microsoft Visual Studio Solution File, Format Version 12.00
# Visual Studio Version 16
VisualStudioVersion = 16.0.29613.14
MinimumVisualStudioVersion = 10.0.40219.1
Project("{FAE04EC0-301F-11D3-BF4B-00C04F79EFBC}") = "07RepeatString", "07RepeatString\07RepeatString.csproj", "{E43C4CDF-113B-488D-A900-84B9EAEC4920}"
EndProject
Global
	GlobalSection(SolutionConfigurationPlatforms) = preSolution
		Debug|Any CPU = Debug|Any CPU
		Release|Any CPU = Release|Any CPU
	EndGlobalSection
	GlobalSection(ProjectConfigurationPlatforms) = postSolution
		{E43C4CDF-113B-488D-A900-84B9EAEC4920}.Debug|Any CPU.ActiveCfg = Debug|Any CPU
		{E43C4CDF-113B-488D-A900-84B9EAEC4920}.Debug|Any CPU.Build.0 = Debug|Any CPU
		{E43C4CDF-113B-488D-A900-84B9EAEC4920}.Release|Any CPU.ActiveCfg = Release|Any CPU
		{E43C4CDF-113B-488D-A900-84B9EAEC4920}.Release|Any CPU.Build.0 = Release|Any CPU
	EndGlobalSection
	GlobalSection(SolutionProperties) = preSolution
		HideSolutionNode = FALSE
	EndGlobalSection
	GlobalSection(ExtensibilityGlobals) = postSolution
		SolutionGuid = {134FD369-5F92-4465-B9EA-A41F32308687}
	EndGlobalSection
EndGlobal
