
Microsoft Visual Studio Solution File, Format Version 12.00
# Visual Studio Version 16
VisualStudioVersion = 16.0.29926.136
MinimumVisualStudioVersion = 10.0.40219.1
Project("{9A19103F-16F7-4668-BE54-9A1E7A4F7556}") = "P01.InitialSetup", "P01.InitialSetup\P01.InitialSetup.csproj", "{ABDD00E3-0E87-48D2-BF08-DFCDB6C5EEF0}"
EndProject
Project("{9A19103F-16F7-4668-BE54-9A1E7A4F7556}") = "P02.VillainNames", "P02.VillainNames\P02.VillainNames.csproj", "{C0757511-8696-429D-8A38-85AA485AE5CD}"
EndProject
Project("{FAE04EC0-301F-11D3-BF4B-00C04F79EFBC}") = "P03.MinionNames", "P03.MinionNames\P03.MinionNames.csproj", "{03E15E0A-4EE7-4772-ACB6-25886FA6311E}"
EndProject
Project("{FAE04EC0-301F-11D3-BF4B-00C04F79EFBC}") = "P04.AddMinion", "P04.AddMinion\P04.AddMinion.csproj", "{E8175839-E7F5-4B55-936D-DF735E52B7B0}"
EndProject
Project("{FAE04EC0-301F-11D3-BF4B-00C04F79EFBC}") = "P05.ChangeTownNamesCasing", "P05.ChangeTownNamesCasing\P05.ChangeTownNamesCasing.csproj", "{6DAB00FB-B1ED-41C4-8253-DE033AF54639}"
EndProject
Project("{FAE04EC0-301F-11D3-BF4B-00C04F79EFBC}") = "P06.RemoveVillain", "P06.RemoveVillain\P06.RemoveVillain.csproj", "{D018467F-0F6E-4264-844D-F1228282E817}"
EndProject
Project("{FAE04EC0-301F-11D3-BF4B-00C04F79EFBC}") = "P07.PrintAllMinionNames", "P07.PrintAllMinionNames\P07.PrintAllMinionNames.csproj", "{F9913629-0F38-4A57-8A44-BFCD80B7D6A5}"
EndProject
Project("{FAE04EC0-301F-11D3-BF4B-00C04F79EFBC}") = "P08.IncreaseMinionAge", "P08.IncreaseMinionAge\P08.IncreaseMinionAge.csproj", "{2AF201C3-5CF3-40DD-8235-17F645D47472}"
EndProject
Project("{FAE04EC0-301F-11D3-BF4B-00C04F79EFBC}") = "P09.IncreaseAgeStoredProcedure", "P09.IncreaseAgeStoredProcedure\P09.IncreaseAgeStoredProcedure.csproj", "{EFABDE37-29BD-4F4B-A930-8539EAF7DE6C}"
EndProject
Global
	GlobalSection(SolutionConfigurationPlatforms) = preSolution
		Debug|Any CPU = Debug|Any CPU
		Release|Any CPU = Release|Any CPU
	EndGlobalSection
	GlobalSection(ProjectConfigurationPlatforms) = postSolution
		{ABDD00E3-0E87-48D2-BF08-DFCDB6C5EEF0}.Debug|Any CPU.ActiveCfg = Debug|Any CPU
		{ABDD00E3-0E87-48D2-BF08-DFCDB6C5EEF0}.Debug|Any CPU.Build.0 = Debug|Any CPU
		{ABDD00E3-0E87-48D2-BF08-DFCDB6C5EEF0}.Release|Any CPU.ActiveCfg = Release|Any CPU
		{ABDD00E3-0E87-48D2-BF08-DFCDB6C5EEF0}.Release|Any CPU.Build.0 = Release|Any CPU
		{C0757511-8696-429D-8A38-85AA485AE5CD}.Debug|Any CPU.ActiveCfg = Debug|Any CPU
		{C0757511-8696-429D-8A38-85AA485AE5CD}.Debug|Any CPU.Build.0 = Debug|Any CPU
		{C0757511-8696-429D-8A38-85AA485AE5CD}.Release|Any CPU.ActiveCfg = Release|Any CPU
		{C0757511-8696-429D-8A38-85AA485AE5CD}.Release|Any CPU.Build.0 = Release|Any CPU
		{03E15E0A-4EE7-4772-ACB6-25886FA6311E}.Debug|Any CPU.ActiveCfg = Debug|Any CPU
		{03E15E0A-4EE7-4772-ACB6-25886FA6311E}.Debug|Any CPU.Build.0 = Debug|Any CPU
		{03E15E0A-4EE7-4772-ACB6-25886FA6311E}.Release|Any CPU.ActiveCfg = Release|Any CPU
		{03E15E0A-4EE7-4772-ACB6-25886FA6311E}.Release|Any CPU.Build.0 = Release|Any CPU
		{E8175839-E7F5-4B55-936D-DF735E52B7B0}.Debug|Any CPU.ActiveCfg = Debug|Any CPU
		{E8175839-E7F5-4B55-936D-DF735E52B7B0}.Debug|Any CPU.Build.0 = Debug|Any CPU
		{E8175839-E7F5-4B55-936D-DF735E52B7B0}.Release|Any CPU.ActiveCfg = Release|Any CPU
		{E8175839-E7F5-4B55-936D-DF735E52B7B0}.Release|Any CPU.Build.0 = Release|Any CPU
		{6DAB00FB-B1ED-41C4-8253-DE033AF54639}.Debug|Any CPU.ActiveCfg = Debug|Any CPU
		{6DAB00FB-B1ED-41C4-8253-DE033AF54639}.Debug|Any CPU.Build.0 = Debug|Any CPU
		{6DAB00FB-B1ED-41C4-8253-DE033AF54639}.Release|Any CPU.ActiveCfg = Release|Any CPU
		{6DAB00FB-B1ED-41C4-8253-DE033AF54639}.Release|Any CPU.Build.0 = Release|Any CPU
		{D018467F-0F6E-4264-844D-F1228282E817}.Debug|Any CPU.ActiveCfg = Debug|Any CPU
		{D018467F-0F6E-4264-844D-F1228282E817}.Debug|Any CPU.Build.0 = Debug|Any CPU
		{D018467F-0F6E-4264-844D-F1228282E817}.Release|Any CPU.ActiveCfg = Release|Any CPU
		{D018467F-0F6E-4264-844D-F1228282E817}.Release|Any CPU.Build.0 = Release|Any CPU
		{F9913629-0F38-4A57-8A44-BFCD80B7D6A5}.Debug|Any CPU.ActiveCfg = Debug|Any CPU
		{F9913629-0F38-4A57-8A44-BFCD80B7D6A5}.Debug|Any CPU.Build.0 = Debug|Any CPU
		{F9913629-0F38-4A57-8A44-BFCD80B7D6A5}.Release|Any CPU.ActiveCfg = Release|Any CPU
		{F9913629-0F38-4A57-8A44-BFCD80B7D6A5}.Release|Any CPU.Build.0 = Release|Any CPU
		{2AF201C3-5CF3-40DD-8235-17F645D47472}.Debug|Any CPU.ActiveCfg = Debug|Any CPU
		{2AF201C3-5CF3-40DD-8235-17F645D47472}.Debug|Any CPU.Build.0 = Debug|Any CPU
		{2AF201C3-5CF3-40DD-8235-17F645D47472}.Release|Any CPU.ActiveCfg = Release|Any CPU
		{2AF201C3-5CF3-40DD-8235-17F645D47472}.Release|Any CPU.Build.0 = Release|Any CPU
		{EFABDE37-29BD-4F4B-A930-8539EAF7DE6C}.Debug|Any CPU.ActiveCfg = Debug|Any CPU
		{EFABDE37-29BD-4F4B-A930-8539EAF7DE6C}.Debug|Any CPU.Build.0 = Debug|Any CPU
		{EFABDE37-29BD-4F4B-A930-8539EAF7DE6C}.Release|Any CPU.ActiveCfg = Release|Any CPU
		{EFABDE37-29BD-4F4B-A930-8539EAF7DE6C}.Release|Any CPU.Build.0 = Release|Any CPU
	EndGlobalSection
	GlobalSection(SolutionProperties) = preSolution
		HideSolutionNode = FALSE
	EndGlobalSection
	GlobalSection(ExtensibilityGlobals) = postSolution
		SolutionGuid = {80DA2FBB-ADAE-4C7C-BE9D-DF1E009146C4}
	EndGlobalSection
EndGlobal
