
Microsoft Visual Studio Solution File, Format Version 12.00
# Visual Studio Version 16
VisualStudioVersion = 16.0.29613.14
MinimumVisualStudioVersion = 10.0.40219.1
Project("{FAE04EC0-301F-11D3-BF4B-00C04F79EFBC}") = "01ReverseString", "01ReverseString\01ReverseString.csproj", "{D6D4885F-BA15-4539-B3C7-68E17B9D9193}"
EndProject
Global
	GlobalSection(SolutionConfigurationPlatforms) = preSolution
		Debug|Any CPU = Debug|Any CPU
		Release|Any CPU = Release|Any CPU
	EndGlobalSection
	GlobalSection(ProjectConfigurationPlatforms) = postSolution
		{D6D4885F-BA15-4539-B3C7-68E17B9D9193}.Debug|Any CPU.ActiveCfg = Debug|Any CPU
		{D6D4885F-BA15-4539-B3C7-68E17B9D9193}.Debug|Any CPU.Build.0 = Debug|Any CPU
		{D6D4885F-BA15-4539-B3C7-68E17B9D9193}.Release|Any CPU.ActiveCfg = Release|Any CPU
		{D6D4885F-BA15-4539-B3C7-68E17B9D9193}.Release|Any CPU.Build.0 = Release|Any CPU
	EndGlobalSection
	GlobalSection(SolutionProperties) = preSolution
		HideSolutionNode = FALSE
	EndGlobalSection
	GlobalSection(ExtensibilityGlobals) = postSolution
		SolutionGuid = {F444A5F4-D5D7-4D4C-9FEB-F0842F7165A1}
	EndGlobalSection
EndGlobal
