
Microsoft Visual Studio Solution File, Format Version 12.00
# Visual Studio Version 16
VisualStudioVersion = 16.0.29613.14
MinimumVisualStudioVersion = 10.0.40219.1
Project("{FAE04EC0-301F-11D3-BF4B-00C04F79EFBC}") = "04Sons", "04Sons\04Sons.csproj", "{EEB0156E-35AA-41A7-B0D0-87EEC524F8BF}"
EndProject
Global
	GlobalSection(SolutionConfigurationPlatforms) = preSolution
		Debug|Any CPU = Debug|Any CPU
		Release|Any CPU = Release|Any CPU
	EndGlobalSection
	GlobalSection(ProjectConfigurationPlatforms) = postSolution
		{EEB0156E-35AA-41A7-B0D0-87EEC524F8BF}.Debug|Any CPU.ActiveCfg = Debug|Any CPU
		{EEB0156E-35AA-41A7-B0D0-87EEC524F8BF}.Debug|Any CPU.Build.0 = Debug|Any CPU
		{EEB0156E-35AA-41A7-B0D0-87EEC524F8BF}.Release|Any CPU.ActiveCfg = Release|Any CPU
		{EEB0156E-35AA-41A7-B0D0-87EEC524F8BF}.Release|Any CPU.Build.0 = Release|Any CPU
	EndGlobalSection
	GlobalSection(SolutionProperties) = preSolution
		HideSolutionNode = FALSE
	EndGlobalSection
	GlobalSection(ExtensibilityGlobals) = postSolution
		SolutionGuid = {85B16EC1-9A1F-42F3-B426-C165946DC599}
	EndGlobalSection
EndGlobal
