
Microsoft Visual Studio Solution File, Format Version 12.00
# Visual Studio Version 16
VisualStudioVersion = 16.0.29613.14
MinimumVisualStudioVersion = 10.0.40219.1
Project("{FAE04EC0-301F-11D3-BF4B-00C04F79EFBC}") = "03Vacation", "03Vacation\03Vacation.csproj", "{FB5B4013-F598-4B48-B291-B79E4229DD2A}"
EndProject
Global
	GlobalSection(SolutionConfigurationPlatforms) = preSolution
		Debug|Any CPU = Debug|Any CPU
		Release|Any CPU = Release|Any CPU
	EndGlobalSection
	GlobalSection(ProjectConfigurationPlatforms) = postSolution
		{FB5B4013-F598-4B48-B291-B79E4229DD2A}.Debug|Any CPU.ActiveCfg = Debug|Any CPU
		{FB5B4013-F598-4B48-B291-B79E4229DD2A}.Debug|Any CPU.Build.0 = Debug|Any CPU
		{FB5B4013-F598-4B48-B291-B79E4229DD2A}.Release|Any CPU.ActiveCfg = Release|Any CPU
		{FB5B4013-F598-4B48-B291-B79E4229DD2A}.Release|Any CPU.Build.0 = Release|Any CPU
	EndGlobalSection
	GlobalSection(SolutionProperties) = preSolution
		HideSolutionNode = FALSE
	EndGlobalSection
	GlobalSection(ExtensibilityGlobals) = postSolution
		SolutionGuid = {0FFFDE30-D65D-473D-B956-F14B2DB7DFEC}
	EndGlobalSection
EndGlobal
