
Microsoft Visual Studio Solution File, Format Version 12.00
# Visual Studio Version 16
VisualStudioVersion = 16.0.29920.165
MinimumVisualStudioVersion = 10.0.40219.1
Project("{FAE04EC0-301F-11D3-BF4B-00C04F79EFBC}") = "P01Lootbox", "P01Lootbox\P01Lootbox.csproj", "{2AD6F5FA-50CF-4176-953B-A97711EFCD60}"
EndProject
Project("{FAE04EC0-301F-11D3-BF4B-00C04F79EFBC}") = "P02Re-Volt", "P02Re-Volt\P02Re-Volt.csproj", "{1B333586-EBF3-468A-AF9C-DFC9B2C32728}"
EndProject
Global
	GlobalSection(SolutionConfigurationPlatforms) = preSolution
		Debug|Any CPU = Debug|Any CPU
		Release|Any CPU = Release|Any CPU
	EndGlobalSection
	GlobalSection(ProjectConfigurationPlatforms) = postSolution
		{2AD6F5FA-50CF-4176-953B-A97711EFCD60}.Debug|Any CPU.ActiveCfg = Debug|Any CPU
		{2AD6F5FA-50CF-4176-953B-A97711EFCD60}.Debug|Any CPU.Build.0 = Debug|Any CPU
		{2AD6F5FA-50CF-4176-953B-A97711EFCD60}.Release|Any CPU.ActiveCfg = Release|Any CPU
		{2AD6F5FA-50CF-4176-953B-A97711EFCD60}.Release|Any CPU.Build.0 = Release|Any CPU
		{1B333586-EBF3-468A-AF9C-DFC9B2C32728}.Debug|Any CPU.ActiveCfg = Debug|Any CPU
		{1B333586-EBF3-468A-AF9C-DFC9B2C32728}.Debug|Any CPU.Build.0 = Debug|Any CPU
		{1B333586-EBF3-468A-AF9C-DFC9B2C32728}.Release|Any CPU.ActiveCfg = Release|Any CPU
		{1B333586-EBF3-468A-AF9C-DFC9B2C32728}.Release|Any CPU.Build.0 = Release|Any CPU
	EndGlobalSection
	GlobalSection(SolutionProperties) = preSolution
		HideSolutionNode = FALSE
	EndGlobalSection
	GlobalSection(ExtensibilityGlobals) = postSolution
		SolutionGuid = {1940217A-A932-4FAD-9710-EA5C61D3872E}
	EndGlobalSection
EndGlobal
