
Microsoft Visual Studio Solution File, Format Version 12.00
# Visual Studio Version 16
VisualStudioVersion = 16.0.30204.135
MinimumVisualStudioVersion = 10.0.40219.1
Project("{FAE04EC0-301F-11D3-BF4B-00C04F79EFBC}") = "exam", "exam\exam.csproj", "{E256F268-CEC4-4EA5-8DFA-A0EC356B1580}"
EndProject
Global
	GlobalSection(SolutionConfigurationPlatforms) = preSolution
		Debug|Any CPU = Debug|Any CPU
		Release|Any CPU = Release|Any CPU
	EndGlobalSection
	GlobalSection(ProjectConfigurationPlatforms) = postSolution
		{E256F268-CEC4-4EA5-8DFA-A0EC356B1580}.Debug|Any CPU.ActiveCfg = Debug|Any CPU
		{E256F268-CEC4-4EA5-8DFA-A0EC356B1580}.Debug|Any CPU.Build.0 = Debug|Any CPU
		{E256F268-CEC4-4EA5-8DFA-A0EC356B1580}.Release|Any CPU.ActiveCfg = Release|Any CPU
		{E256F268-CEC4-4EA5-8DFA-A0EC356B1580}.Release|Any CPU.Build.0 = Release|Any CPU
	EndGlobalSection
	GlobalSection(SolutionProperties) = preSolution
		HideSolutionNode = FALSE
	EndGlobalSection
	GlobalSection(ExtensibilityGlobals) = postSolution
		SolutionGuid = {4552FAD6-EAAC-408E-95E9-659C0FCCCDB1}
	EndGlobalSection
EndGlobal
