
Microsoft Visual Studio Solution File, Format Version 12.00
# Visual Studio Version 16
VisualStudioVersion = 16.0.29613.14
MinimumVisualStudioVersion = 10.0.40219.1
Project("{FAE04EC0-301F-11D3-BF4B-00C04F79EFBC}") = "04 FastFood", "04 FastFood\04 FastFood.csproj", "{FFE0EAA5-B2F1-4D30-855A-E3B62E620B53}"
EndProject
Global
	GlobalSection(SolutionConfigurationPlatforms) = preSolution
		Debug|Any CPU = Debug|Any CPU
		Release|Any CPU = Release|Any CPU
	EndGlobalSection
	GlobalSection(ProjectConfigurationPlatforms) = postSolution
		{FFE0EAA5-B2F1-4D30-855A-E3B62E620B53}.Debug|Any CPU.ActiveCfg = Debug|Any CPU
		{FFE0EAA5-B2F1-4D30-855A-E3B62E620B53}.Debug|Any CPU.Build.0 = Debug|Any CPU
		{FFE0EAA5-B2F1-4D30-855A-E3B62E620B53}.Release|Any CPU.ActiveCfg = Release|Any CPU
		{FFE0EAA5-B2F1-4D30-855A-E3B62E620B53}.Release|Any CPU.Build.0 = Release|Any CPU
	EndGlobalSection
	GlobalSection(SolutionProperties) = preSolution
		HideSolutionNode = FALSE
	EndGlobalSection
	GlobalSection(ExtensibilityGlobals) = postSolution
		SolutionGuid = {D82A1514-4C12-4E5A-B492-935480C948A0}
	EndGlobalSection
EndGlobal
